{
  "version": 4,
  "terraform_version": "1.10.0",
  "serial": 252,
  "lineage": "87605e1a-14c5-1560-d9e3-5c9f40e157b1",
  "outputs": {},
  "resources": [
    {
      "mode": "managed",
      "type": "ansible_host",
      "name": "arvan_sre_control_plane_host",
      "provider": "provider[\"registry.terraform.io/ansible/ansible\"]",
      "instances": [
        {
          "schema_version": 0,
          "attributes": {
            "groups": [
              "master"
            ],
            "id": "control_plane",
            "name": "control_plane",
            "variables": {
              "ansible_host": "52.205.224.51",
              "ansible_ssh_private_key_file": "./files/arvan_sre_rsa",
              "ansible_user": "ubuntu",
              "node_hostname": "master"
            }
          },
          "sensitive_attributes": [],
          "private": "bnVsbA==",
          "dependencies": [
            "aws_instance.arvan_sre_ec2_k8s_master",
            "aws_key_pair.arvan_sre_ssh_keypair",
            "aws_security_group.arvan_sre_security_group_common",
            "aws_security_group.arvan_sre_security_group_k8s_control_plane",
            "aws_security_group.arvan_sre_security_group_k8s_flannel",
            "aws_subnet.arvan_sre_subnet",
            "aws_vpc.arvan_sre_vpc",
            "tls_private_key.arvan_sre_ssh_rsa_private_key"
          ]
        }
      ]
    },
    {
      "mode": "managed",
      "type": "ansible_host",
      "name": "arvan_sre_worker_nodes_host",
      "provider": "provider[\"registry.terraform.io/ansible/ansible\"]",
      "instances": [
        {
          "index_key": 0,
          "schema_version": 0,
          "attributes": {
            "groups": [
              "workers"
            ],
            "id": "worker-0",
            "name": "worker-0",
            "variables": {
              "ansible_host": "18.210.16.28",
              "ansible_ssh_private_key_file": "./files/arvan_sre_rsa",
              "ansible_user": "ubuntu",
              "node_hostname": "worker-0"
            }
          },
          "sensitive_attributes": [],
          "private": "bnVsbA==",
          "dependencies": [
            "aws_instance.arvan_sre_ec2_k8s_workers",
            "aws_key_pair.arvan_sre_ssh_keypair",
            "aws_security_group.arvan_sre_security_group_common",
            "aws_security_group.arvan_sre_security_group_k8s_flannel",
            "aws_security_group.arvan_sre_security_group_k8s_worker_nodes",
            "aws_subnet.arvan_sre_subnet",
            "aws_vpc.arvan_sre_vpc",
            "tls_private_key.arvan_sre_ssh_rsa_private_key"
          ]
        },
        {
          "index_key": 1,
          "schema_version": 0,
          "attributes": {
            "groups": [
              "workers"
            ],
            "id": "worker-1",
            "name": "worker-1",
            "variables": {
              "ansible_host": "54.144.134.13",
              "ansible_ssh_private_key_file": "./files/arvan_sre_rsa",
              "ansible_user": "ubuntu",
              "node_hostname": "worker-1"
            }
          },
          "sensitive_attributes": [],
          "private": "bnVsbA==",
          "dependencies": [
            "aws_instance.arvan_sre_ec2_k8s_workers",
            "aws_key_pair.arvan_sre_ssh_keypair",
            "aws_security_group.arvan_sre_security_group_common",
            "aws_security_group.arvan_sre_security_group_k8s_flannel",
            "aws_security_group.arvan_sre_security_group_k8s_worker_nodes",
            "aws_subnet.arvan_sre_subnet",
            "aws_vpc.arvan_sre_vpc",
            "tls_private_key.arvan_sre_ssh_rsa_private_key"
          ]
        }
      ]
    },
    {
      "mode": "managed",
      "type": "aws_instance",
      "name": "arvan_sre_ec2_k8s_master",
      "provider": "provider[\"registry.terraform.io/hashicorp/aws\"]",
      "instances": [
        {
          "schema_version": 1,
          "attributes": {
            "ami": "ami-0e2c8caa4b6378d8c",
            "arn": "arn:aws:ec2:us-east-1:730335442118:instance/i-07d72440c50d17df7",
            "associate_public_ip_address": true,
            "availability_zone": "us-east-1e",
            "capacity_reservation_specification": [
              {
                "capacity_reservation_preference": "open",
                "capacity_reservation_target": []
              }
            ],
            "cpu_core_count": 2,
            "cpu_options": [
              {
                "amd_sev_snp": "",
                "core_count": 2,
                "threads_per_core": 1
              }
            ],
            "cpu_threads_per_core": 1,
            "credit_specification": [
              {
                "cpu_credits": "standard"
              }
            ],
            "disable_api_stop": false,
            "disable_api_termination": false,
            "ebs_block_device": [],
            "ebs_optimized": false,
            "enclave_options": [
              {
                "enabled": false
              }
            ],
            "ephemeral_block_device": [],
            "get_password_data": false,
            "hibernation": false,
            "host_id": "",
            "host_resource_group_arn": null,
            "iam_instance_profile": "",
            "id": "i-07d72440c50d17df7",
            "instance_initiated_shutdown_behavior": "stop",
            "instance_lifecycle": "",
            "instance_market_options": [],
            "instance_state": "running",
            "instance_type": "t2.medium",
            "ipv6_address_count": 0,
            "ipv6_addresses": [],
            "key_name": "arvan_sre_ssh_key",
            "launch_template": [],
            "maintenance_options": [
              {
                "auto_recovery": "default"
              }
            ],
            "metadata_options": [
              {
                "http_endpoint": "enabled",
                "http_protocol_ipv6": "disabled",
                "http_put_response_hop_limit": 2,
                "http_tokens": "required",
                "instance_metadata_tags": "disabled"
              }
            ],
            "monitoring": false,
            "network_interface": [],
            "outpost_arn": "",
            "password_data": "",
            "placement_group": "",
            "placement_partition_number": 0,
            "primary_network_interface_id": "eni-0978ebdb5a89b5b07",
            "private_dns": "ip-10-0-1-130.ec2.internal",
            "private_dns_name_options": [
              {
                "enable_resource_name_dns_a_record": false,
                "enable_resource_name_dns_aaaa_record": false,
                "hostname_type": "ip-name"
              }
            ],
            "private_ip": "10.0.1.130",
            "public_dns": "",
            "public_ip": "52.205.224.51",
            "root_block_device": [
              {
                "delete_on_termination": true,
                "device_name": "/dev/sda1",
                "encrypted": false,
                "iops": 3000,
                "kms_key_id": "",
                "tags": null,
                "tags_all": {},
                "throughput": 125,
                "volume_id": "vol-04ddaa759f9fcb90c",
                "volume_size": 14,
                "volume_type": "gp3"
              }
            ],
            "secondary_private_ips": [],
            "security_groups": [],
            "source_dest_check": true,
            "spot_instance_request_id": "",
            "subnet_id": "subnet-069a18d5651ebb141",
            "tags": {
              "Name": "ec2_k8s_master_arvan_sre",
              "Role": "control_plane, master"
            },
            "tags_all": {
              "Name": "ec2_k8s_master_arvan_sre",
              "Role": "control_plane, master"
            },
            "tenancy": "default",
            "timeouts": null,
            "user_data": null,
            "user_data_base64": null,
            "user_data_replace_on_change": false,
            "volume_tags": null,
            "vpc_security_group_ids": [
              "sg-019e85931f39b77be",
              "sg-03d763a4f159d018b",
              "sg-0b527abe82057de31"
            ]
          },
          "sensitive_attributes": [],
          "private": "eyJlMmJmYjczMC1lY2FhLTExZTYtOGY4OC0zNDM2M2JjN2M0YzAiOnsiY3JlYXRlIjo2MDAwMDAwMDAwMDAsImRlbGV0ZSI6MTIwMDAwMDAwMDAwMCwicmVhZCI6OTAwMDAwMDAwMDAwLCJ1cGRhdGUiOjYwMDAwMDAwMDAwMH0sInNjaGVtYV92ZXJzaW9uIjoiMSJ9",
          "dependencies": [
            "aws_key_pair.arvan_sre_ssh_keypair",
            "aws_security_group.arvan_sre_security_group_common",
            "aws_security_group.arvan_sre_security_group_k8s_control_plane",
            "aws_security_group.arvan_sre_security_group_k8s_flannel",
            "aws_subnet.arvan_sre_subnet",
            "aws_vpc.arvan_sre_vpc",
            "tls_private_key.arvan_sre_ssh_rsa_private_key"
          ]
        }
      ]
    },
    {
      "mode": "managed",
      "type": "aws_instance",
      "name": "arvan_sre_ec2_k8s_workers",
      "provider": "provider[\"registry.terraform.io/hashicorp/aws\"]",
      "instances": [
        {
          "index_key": 0,
          "schema_version": 1,
          "attributes": {
            "ami": "ami-0e2c8caa4b6378d8c",
            "arn": "arn:aws:ec2:us-east-1:730335442118:instance/i-06eaee29def8c36db",
            "associate_public_ip_address": true,
            "availability_zone": "us-east-1e",
            "capacity_reservation_specification": [
              {
                "capacity_reservation_preference": "open",
                "capacity_reservation_target": []
              }
            ],
            "cpu_core_count": 1,
            "cpu_options": [
              {
                "amd_sev_snp": "",
                "core_count": 1,
                "threads_per_core": 1
              }
            ],
            "cpu_threads_per_core": 1,
            "credit_specification": [
              {
                "cpu_credits": "standard"
              }
            ],
            "disable_api_stop": false,
            "disable_api_termination": false,
            "ebs_block_device": [],
            "ebs_optimized": false,
            "enclave_options": [
              {
                "enabled": false
              }
            ],
            "ephemeral_block_device": [],
            "get_password_data": false,
            "hibernation": false,
            "host_id": "",
            "host_resource_group_arn": null,
            "iam_instance_profile": "",
            "id": "i-06eaee29def8c36db",
            "instance_initiated_shutdown_behavior": "stop",
            "instance_lifecycle": "",
            "instance_market_options": [],
            "instance_state": "running",
            "instance_type": "t2.micro",
            "ipv6_address_count": 0,
            "ipv6_addresses": [],
            "key_name": "arvan_sre_ssh_key",
            "launch_template": [],
            "maintenance_options": [
              {
                "auto_recovery": "default"
              }
            ],
            "metadata_options": [
              {
                "http_endpoint": "enabled",
                "http_protocol_ipv6": "disabled",
                "http_put_response_hop_limit": 2,
                "http_tokens": "required",
                "instance_metadata_tags": "disabled"
              }
            ],
            "monitoring": false,
            "network_interface": [],
            "outpost_arn": "",
            "password_data": "",
            "placement_group": "",
            "placement_partition_number": 0,
            "primary_network_interface_id": "eni-0d40370380b4966be",
            "private_dns": "ip-10-0-1-44.ec2.internal",
            "private_dns_name_options": [
              {
                "enable_resource_name_dns_a_record": false,
                "enable_resource_name_dns_aaaa_record": false,
                "hostname_type": "ip-name"
              }
            ],
            "private_ip": "10.0.1.44",
            "public_dns": "",
            "public_ip": "18.210.16.28",
            "root_block_device": [
              {
                "delete_on_termination": true,
                "device_name": "/dev/sda1",
                "encrypted": false,
                "iops": 3000,
                "kms_key_id": "",
                "tags": {},
                "tags_all": {},
                "throughput": 125,
                "volume_id": "vol-07960ca1e179ffa4e",
                "volume_size": 8,
                "volume_type": "gp3"
              }
            ],
            "secondary_private_ips": [],
            "security_groups": [],
            "source_dest_check": true,
            "spot_instance_request_id": "",
            "subnet_id": "subnet-069a18d5651ebb141",
            "tags": {
              "Name": "ec2_k8s_worker_0_arvan_sre",
              "Role": "worker"
            },
            "tags_all": {
              "Name": "ec2_k8s_worker_0_arvan_sre",
              "Role": "worker"
            },
            "tenancy": "default",
            "timeouts": null,
            "user_data": null,
            "user_data_base64": null,
            "user_data_replace_on_change": false,
            "volume_tags": null,
            "vpc_security_group_ids": [
              "sg-019e85931f39b77be",
              "sg-09524d7d432b216e4",
              "sg-0b527abe82057de31"
            ]
          },
          "sensitive_attributes": [],
          "private": "eyJlMmJmYjczMC1lY2FhLTExZTYtOGY4OC0zNDM2M2JjN2M0YzAiOnsiY3JlYXRlIjo2MDAwMDAwMDAwMDAsImRlbGV0ZSI6MTIwMDAwMDAwMDAwMCwicmVhZCI6OTAwMDAwMDAwMDAwLCJ1cGRhdGUiOjYwMDAwMDAwMDAwMH0sInNjaGVtYV92ZXJzaW9uIjoiMSJ9",
          "dependencies": [
            "aws_key_pair.arvan_sre_ssh_keypair",
            "aws_security_group.arvan_sre_security_group_common",
            "aws_security_group.arvan_sre_security_group_k8s_flannel",
            "aws_security_group.arvan_sre_security_group_k8s_worker_nodes",
            "aws_subnet.arvan_sre_subnet",
            "aws_vpc.arvan_sre_vpc",
            "tls_private_key.arvan_sre_ssh_rsa_private_key"
          ]
        },
        {
          "index_key": 1,
          "schema_version": 1,
          "attributes": {
            "ami": "ami-0e2c8caa4b6378d8c",
            "arn": "arn:aws:ec2:us-east-1:730335442118:instance/i-00ce28fc6ba9a95eb",
            "associate_public_ip_address": true,
            "availability_zone": "us-east-1e",
            "capacity_reservation_specification": [
              {
                "capacity_reservation_preference": "open",
                "capacity_reservation_target": []
              }
            ],
            "cpu_core_count": 1,
            "cpu_options": [
              {
                "amd_sev_snp": "",
                "core_count": 1,
                "threads_per_core": 1
              }
            ],
            "cpu_threads_per_core": 1,
            "credit_specification": [
              {
                "cpu_credits": "standard"
              }
            ],
            "disable_api_stop": false,
            "disable_api_termination": false,
            "ebs_block_device": [],
            "ebs_optimized": false,
            "enclave_options": [
              {
                "enabled": false
              }
            ],
            "ephemeral_block_device": [],
            "get_password_data": false,
            "hibernation": false,
            "host_id": "",
            "host_resource_group_arn": null,
            "iam_instance_profile": "",
            "id": "i-00ce28fc6ba9a95eb",
            "instance_initiated_shutdown_behavior": "stop",
            "instance_lifecycle": "",
            "instance_market_options": [],
            "instance_state": "running",
            "instance_type": "t2.micro",
            "ipv6_address_count": 0,
            "ipv6_addresses": [],
            "key_name": "arvan_sre_ssh_key",
            "launch_template": [],
            "maintenance_options": [
              {
                "auto_recovery": "default"
              }
            ],
            "metadata_options": [
              {
                "http_endpoint": "enabled",
                "http_protocol_ipv6": "disabled",
                "http_put_response_hop_limit": 2,
                "http_tokens": "required",
                "instance_metadata_tags": "disabled"
              }
            ],
            "monitoring": false,
            "network_interface": [],
            "outpost_arn": "",
            "password_data": "",
            "placement_group": "",
            "placement_partition_number": 0,
            "primary_network_interface_id": "eni-06c92890c2e44af47",
            "private_dns": "ip-10-0-1-88.ec2.internal",
            "private_dns_name_options": [
              {
                "enable_resource_name_dns_a_record": false,
                "enable_resource_name_dns_aaaa_record": false,
                "hostname_type": "ip-name"
              }
            ],
            "private_ip": "10.0.1.88",
            "public_dns": "",
            "public_ip": "54.144.134.13",
            "root_block_device": [
              {
                "delete_on_termination": true,
                "device_name": "/dev/sda1",
                "encrypted": false,
                "iops": 3000,
                "kms_key_id": "",
                "tags": {},
                "tags_all": {},
                "throughput": 125,
                "volume_id": "vol-03767e81dd9950fbc",
                "volume_size": 8,
                "volume_type": "gp3"
              }
            ],
            "secondary_private_ips": [],
            "security_groups": [],
            "source_dest_check": true,
            "spot_instance_request_id": "",
            "subnet_id": "subnet-069a18d5651ebb141",
            "tags": {
              "Name": "ec2_k8s_worker_1_arvan_sre",
              "Role": "worker"
            },
            "tags_all": {
              "Name": "ec2_k8s_worker_1_arvan_sre",
              "Role": "worker"
            },
            "tenancy": "default",
            "timeouts": null,
            "user_data": null,
            "user_data_base64": null,
            "user_data_replace_on_change": false,
            "volume_tags": null,
            "vpc_security_group_ids": [
              "sg-019e85931f39b77be",
              "sg-09524d7d432b216e4",
              "sg-0b527abe82057de31"
            ]
          },
          "sensitive_attributes": [],
          "private": "eyJlMmJmYjczMC1lY2FhLTExZTYtOGY4OC0zNDM2M2JjN2M0YzAiOnsiY3JlYXRlIjo2MDAwMDAwMDAwMDAsImRlbGV0ZSI6MTIwMDAwMDAwMDAwMCwicmVhZCI6OTAwMDAwMDAwMDAwLCJ1cGRhdGUiOjYwMDAwMDAwMDAwMH0sInNjaGVtYV92ZXJzaW9uIjoiMSJ9",
          "dependencies": [
            "aws_key_pair.arvan_sre_ssh_keypair",
            "aws_security_group.arvan_sre_security_group_common",
            "aws_security_group.arvan_sre_security_group_k8s_flannel",
            "aws_security_group.arvan_sre_security_group_k8s_worker_nodes",
            "aws_subnet.arvan_sre_subnet",
            "aws_vpc.arvan_sre_vpc",
            "tls_private_key.arvan_sre_ssh_rsa_private_key"
          ]
        }
      ]
    },
    {
      "mode": "managed",
      "type": "aws_internet_gateway",
      "name": "arvan_sre_internet_gateway",
      "provider": "provider[\"registry.terraform.io/hashicorp/aws\"]",
      "instances": [
        {
          "schema_version": 0,
          "attributes": {
            "arn": "arn:aws:ec2:us-east-1:730335442118:internet-gateway/igw-02cf15931252fa058",
            "id": "igw-02cf15931252fa058",
            "owner_id": "730335442118",
            "tags": {
              "Name": "igw_arvan_sre"
            },
            "tags_all": {
              "Name": "igw_arvan_sre"
            },
            "timeouts": null,
            "vpc_id": "vpc-0c9f6b01485e7c065"
          },
          "sensitive_attributes": [],
          "private": "eyJlMmJmYjczMC1lY2FhLTExZTYtOGY4OC0zNDM2M2JjN2M0YzAiOnsiY3JlYXRlIjoxMjAwMDAwMDAwMDAwLCJkZWxldGUiOjEyMDAwMDAwMDAwMDAsInVwZGF0ZSI6MTIwMDAwMDAwMDAwMH19",
          "dependencies": [
            "aws_vpc.arvan_sre_vpc"
          ]
        }
      ]
    },
    {
      "mode": "managed",
      "type": "aws_key_pair",
      "name": "arvan_sre_ssh_keypair",
      "provider": "provider[\"registry.terraform.io/hashicorp/aws\"]",
      "instances": [
        {
          "schema_version": 1,
          "attributes": {
            "arn": "arn:aws:ec2:us-east-1:730335442118:key-pair/arvan_sre_ssh_key",
            "fingerprint": "a4:9e:54:3f:29:f8:2c:52:2b:69:5b:44:46:f8:48:48",
            "id": "arvan_sre_ssh_key",
            "key_name": "arvan_sre_ssh_key",
            "key_name_prefix": "",
            "key_pair_id": "key-099b5e238ac406e33",
            "key_type": "rsa",
            "public_key": "ssh-rsa AAAAB3NzaC1yc2EAAAADAQABAAACAQDFse87CXiuuG7/oOr1NNZoySf5LENa2o2rw6/GJOzRYlChMhv1j9/MZmyJscZc997Ehg+PTiZl5C25e1YMSz31rCF1Sn7YguGy3es0HueT+fRoeFtvvydAt9K7OnU3xsc2cExED+y6I1WhVR8K09RZ9QgJIs3++1MwoEEhPts8in/u6xjc6JNI1W2yBnvPD5EE4JnJ7K37VcqNoUR5HGI1/c6fpiF0CrN6MICN0p+noa2mv520YrqeqCqEY/rvXiTrFQrd5+qW9gA9T9JGx5BSgKCetGY80pKT/J+73wftexRNbBx0Mo6kBN07TWsBIIzm/+4x/D+m9DIHv3+Nlxf0YnFshkMrTtScB/rOtlte46MyfvJNcMV2KRjzJj/gt+CumqPQOKi5UvnQzzxTRovmpPOutPCxxD0tojlr4gAu1vrOnUhOoS/MVN1F2HTyH/BGqQW8/MUugGmVS+aQHHIVBkiDvkDVqYhbjMG3YnH+bXA8SGtIBsLBH5qPYc2+OjGDUTmuAgoOwcbLCMrg9pHVAKKAie5CPEnNj+XEuLRFXkYUHVT5yi/ZoyXEKmtcyEUEGrDGLDyi3vtAslCSA5h86F7tWCj3mJY0Y1kkJKH+PkBRNCmrD5cmwfXgKNA98pRQYvMb47rttXfP/YEABmqTre2UvHMUcEJ38XeXnf+IDw==",
            "tags": {},
            "tags_all": {}
          },
          "sensitive_attributes": [],
          "private": "eyJzY2hlbWFfdmVyc2lvbiI6IjEifQ==",
          "dependencies": [
            "tls_private_key.arvan_sre_ssh_rsa_private_key"
          ]
        }
      ]
    },
    {
      "mode": "managed",
      "type": "aws_route_table",
      "name": "arvan_sre_route_table",
      "provider": "provider[\"registry.terraform.io/hashicorp/aws\"]",
      "instances": [
        {
          "schema_version": 0,
          "attributes": {
            "arn": "arn:aws:ec2:us-east-1:730335442118:route-table/rtb-06dc258d0148f5514",
            "id": "rtb-06dc258d0148f5514",
            "owner_id": "730335442118",
            "propagating_vgws": [],
            "route": [
              {
                "carrier_gateway_id": "",
                "cidr_block": "0.0.0.0/0",
                "core_network_arn": "",
                "destination_prefix_list_id": "",
                "egress_only_gateway_id": "",
                "gateway_id": "igw-02cf15931252fa058",
                "ipv6_cidr_block": "",
                "local_gateway_id": "",
                "nat_gateway_id": "",
                "network_interface_id": "",
                "transit_gateway_id": "",
                "vpc_endpoint_id": "",
                "vpc_peering_connection_id": ""
              }
            ],
            "tags": {
              "Name": "rt_arvan_sre"
            },
            "tags_all": {
              "Name": "rt_arvan_sre"
            },
            "timeouts": null,
            "vpc_id": "vpc-0c9f6b01485e7c065"
          },
          "sensitive_attributes": [],
          "private": "eyJlMmJmYjczMC1lY2FhLTExZTYtOGY4OC0zNDM2M2JjN2M0YzAiOnsiY3JlYXRlIjozMDAwMDAwMDAwMDAsImRlbGV0ZSI6MzAwMDAwMDAwMDAwLCJ1cGRhdGUiOjEyMDAwMDAwMDAwMH19",
          "dependencies": [
            "aws_internet_gateway.arvan_sre_internet_gateway",
            "aws_vpc.arvan_sre_vpc"
          ]
        }
      ]
    },
    {
      "mode": "managed",
      "type": "aws_route_table_association",
      "name": "arvan_sre_rt_assc",
      "provider": "provider[\"registry.terraform.io/hashicorp/aws\"]",
      "instances": [
        {
          "schema_version": 0,
          "attributes": {
            "gateway_id": "",
            "id": "rtbassoc-0863126ca9b6f117c",
            "route_table_id": "rtb-06dc258d0148f5514",
            "subnet_id": "subnet-069a18d5651ebb141",
            "timeouts": null
          },
          "sensitive_attributes": [],
          "private": "eyJlMmJmYjczMC1lY2FhLTExZTYtOGY4OC0zNDM2M2JjN2M0YzAiOnsiY3JlYXRlIjozMDAwMDAwMDAwMDAsImRlbGV0ZSI6MzAwMDAwMDAwMDAwLCJ1cGRhdGUiOjEyMDAwMDAwMDAwMH19",
          "dependencies": [
            "aws_internet_gateway.arvan_sre_internet_gateway",
            "aws_route_table.arvan_sre_route_table",
            "aws_subnet.arvan_sre_subnet",
            "aws_vpc.arvan_sre_vpc"
          ]
        }
      ]
    },
    {
      "mode": "managed",
      "type": "aws_security_group",
      "name": "arvan_sre_security_group_common",
      "provider": "provider[\"registry.terraform.io/hashicorp/aws\"]",
      "instances": [
        {
          "schema_version": 1,
          "attributes": {
            "arn": "arn:aws:ec2:us-east-1:730335442118:security-group/sg-0b527abe82057de31",
            "description": "Allow SSH/HTTP/HTTPS inbound traffic and all outbound traffic",
            "egress": [
              {
                "cidr_blocks": [
                  "0.0.0.0/0"
                ],
                "description": "",
                "from_port": 0,
                "ipv6_cidr_blocks": [],
                "prefix_list_ids": [],
                "protocol": "-1",
                "security_groups": [],
                "self": false,
                "to_port": 0
              }
            ],
            "id": "sg-0b527abe82057de31",
            "ingress": [
              {
                "cidr_blocks": [
                  "0.0.0.0/0"
                ],
                "description": "Allow HTTP",
                "from_port": 80,
                "ipv6_cidr_blocks": [],
                "prefix_list_ids": [],
                "protocol": "tcp",
                "security_groups": [],
                "self": false,
                "to_port": 80
              },
              {
                "cidr_blocks": [
                  "0.0.0.0/0"
                ],
                "description": "Allow HTTPS",
                "from_port": 443,
                "ipv6_cidr_blocks": [],
                "prefix_list_ids": [],
                "protocol": "tcp",
                "security_groups": [],
                "self": false,
                "to_port": 443
              },
              {
                "cidr_blocks": [
                  "0.0.0.0/0"
                ],
                "description": "Allow SSH",
                "from_port": 22,
                "ipv6_cidr_blocks": [],
                "prefix_list_ids": [],
                "protocol": "tcp",
                "security_groups": [],
                "self": false,
                "to_port": 22
              }
            ],
            "name": "sg_common_arvan_sre",
            "name_prefix": "",
            "owner_id": "730335442118",
            "revoke_rules_on_delete": false,
            "tags": {
              "Name": "sg_common_arvan_sre"
            },
            "tags_all": {
              "Name": "sg_common_arvan_sre"
            },
            "timeouts": null,
            "vpc_id": "vpc-0c9f6b01485e7c065"
          },
          "sensitive_attributes": [],
          "private": "eyJlMmJmYjczMC1lY2FhLTExZTYtOGY4OC0zNDM2M2JjN2M0YzAiOnsiY3JlYXRlIjo2MDAwMDAwMDAwMDAsImRlbGV0ZSI6OTAwMDAwMDAwMDAwfSwic2NoZW1hX3ZlcnNpb24iOiIxIn0=",
          "dependencies": [
            "aws_vpc.arvan_sre_vpc"
          ]
        }
      ]
    },
    {
      "mode": "managed",
      "type": "aws_security_group",
      "name": "arvan_sre_security_group_k8s_control_plane",
      "provider": "provider[\"registry.terraform.io/hashicorp/aws\"]",
      "instances": [
        {
          "schema_version": 1,
          "attributes": {
            "arn": "arn:aws:ec2:us-east-1:730335442118:security-group/sg-03d763a4f159d018b",
            "description": "K8S Control Plane Security Group",
            "egress": [],
            "id": "sg-03d763a4f159d018b",
            "ingress": [
              {
                "cidr_blocks": [
                  "0.0.0.0/0"
                ],
                "description": "Etcd server client API",
                "from_port": 2379,
                "ipv6_cidr_blocks": [],
                "prefix_list_ids": [],
                "protocol": "tcp",
                "security_groups": [],
                "self": false,
                "to_port": 2380
              },
              {
                "cidr_blocks": [
                  "0.0.0.0/0"
                ],
                "description": "Kube Contoller Manager",
                "from_port": 10257,
                "ipv6_cidr_blocks": [],
                "prefix_list_ids": [],
                "protocol": "tcp",
                "security_groups": [],
                "self": false,
                "to_port": 10257
              },
              {
                "cidr_blocks": [
                  "0.0.0.0/0"
                ],
                "description": "Kube Scheduler",
                "from_port": 10259,
                "ipv6_cidr_blocks": [],
                "prefix_list_ids": [],
                "protocol": "tcp",
                "security_groups": [],
                "self": false,
                "to_port": 10259
              },
              {
                "cidr_blocks": [
                  "0.0.0.0/0"
                ],
                "description": "Kubelet API",
                "from_port": 10250,
                "ipv6_cidr_blocks": [],
                "prefix_list_ids": [],
                "protocol": "tcp",
                "security_groups": [],
                "self": false,
                "to_port": 10250
              },
              {
                "cidr_blocks": [
                  "0.0.0.0/0"
                ],
                "description": "Kubernetes API Server",
                "from_port": 6443,
                "ipv6_cidr_blocks": [],
                "prefix_list_ids": [],
                "protocol": "tcp",
                "security_groups": [],
                "self": false,
                "to_port": 6443
              }
            ],
            "name": "sg_k8s_cp_arvan_sre",
            "name_prefix": "",
            "owner_id": "730335442118",
            "revoke_rules_on_delete": false,
            "tags": {
              "Name": "sg_k8s_cp_arvan_sre"
            },
            "tags_all": {
              "Name": "sg_k8s_cp_arvan_sre"
            },
            "timeouts": null,
            "vpc_id": "vpc-0c9f6b01485e7c065"
          },
          "sensitive_attributes": [],
          "private": "eyJlMmJmYjczMC1lY2FhLTExZTYtOGY4OC0zNDM2M2JjN2M0YzAiOnsiY3JlYXRlIjo2MDAwMDAwMDAwMDAsImRlbGV0ZSI6OTAwMDAwMDAwMDAwfSwic2NoZW1hX3ZlcnNpb24iOiIxIn0=",
          "dependencies": [
            "aws_vpc.arvan_sre_vpc"
          ]
        }
      ]
    },
    {
      "mode": "managed",
      "type": "aws_security_group",
      "name": "arvan_sre_security_group_k8s_flannel",
      "provider": "provider[\"registry.terraform.io/hashicorp/aws\"]",
      "instances": [
        {
          "schema_version": 1,
          "attributes": {
            "arn": "arn:aws:ec2:us-east-1:730335442118:security-group/sg-019e85931f39b77be",
            "description": "K8S Flannel Overlay backend",
            "egress": [],
            "id": "sg-019e85931f39b77be",
            "ingress": [
              {
                "cidr_blocks": [
                  "0.0.0.0/0"
                ],
                "description": "flannel overlay backend",
                "from_port": 8285,
                "ipv6_cidr_blocks": [],
                "prefix_list_ids": [],
                "protocol": "udp",
                "security_groups": [],
                "self": false,
                "to_port": 8285
              },
              {
                "cidr_blocks": [
                  "0.0.0.0/0"
                ],
                "description": "flannel vxlan backend",
                "from_port": 8472,
                "ipv6_cidr_blocks": [],
                "prefix_list_ids": [],
                "protocol": "udp",
                "security_groups": [],
                "self": false,
                "to_port": 8472
              }
            ],
            "name": "sg_k8s_flnl_arvan_sre",
            "name_prefix": "",
            "owner_id": "730335442118",
            "revoke_rules_on_delete": false,
            "tags": {
              "Name": "sg_k8s_flnl_arvan_sre"
            },
            "tags_all": {
              "Name": "sg_k8s_flnl_arvan_sre"
            },
            "timeouts": null,
            "vpc_id": "vpc-0c9f6b01485e7c065"
          },
          "sensitive_attributes": [],
          "private": "eyJlMmJmYjczMC1lY2FhLTExZTYtOGY4OC0zNDM2M2JjN2M0YzAiOnsiY3JlYXRlIjo2MDAwMDAwMDAwMDAsImRlbGV0ZSI6OTAwMDAwMDAwMDAwfSwic2NoZW1hX3ZlcnNpb24iOiIxIn0=",
          "dependencies": [
            "aws_vpc.arvan_sre_vpc"
          ]
        }
      ]
    },
    {
      "mode": "managed",
      "type": "aws_security_group",
      "name": "arvan_sre_security_group_k8s_worker_nodes",
      "provider": "provider[\"registry.terraform.io/hashicorp/aws\"]",
      "instances": [
        {
          "schema_version": 1,
          "attributes": {
            "arn": "arn:aws:ec2:us-east-1:730335442118:security-group/sg-09524d7d432b216e4",
            "description": "K8S Worker Nodes Security Group",
            "egress": [],
            "id": "sg-09524d7d432b216e4",
            "ingress": [
              {
                "cidr_blocks": [
                  "0.0.0.0/0"
                ],
                "description": "Kube Proxy",
                "from_port": 10256,
                "ipv6_cidr_blocks": [],
                "prefix_list_ids": [],
                "protocol": "tcp",
                "security_groups": [],
                "self": false,
                "to_port": 10256
              },
              {
                "cidr_blocks": [
                  "0.0.0.0/0"
                ],
                "description": "Kubelet API",
                "from_port": 10250,
                "ipv6_cidr_blocks": [],
                "prefix_list_ids": [],
                "protocol": "tcp",
                "security_groups": [],
                "self": false,
                "to_port": 10250
              },
              {
                "cidr_blocks": [
                  "0.0.0.0/0"
                ],
                "description": "NodePort Servicest",
                "from_port": 30000,
                "ipv6_cidr_blocks": [],
                "prefix_list_ids": [],
                "protocol": "tcp",
                "security_groups": [],
                "self": false,
                "to_port": 32767
              }
            ],
            "name": "sg_k8s_wn_arvan_sre",
            "name_prefix": "",
            "owner_id": "730335442118",
            "revoke_rules_on_delete": false,
            "tags": {
              "Name": "sg_k8s_wn_arvan_sre"
            },
            "tags_all": {
              "Name": "sg_k8s_wn_arvan_sre"
            },
            "timeouts": null,
            "vpc_id": "vpc-0c9f6b01485e7c065"
          },
          "sensitive_attributes": [],
          "private": "eyJlMmJmYjczMC1lY2FhLTExZTYtOGY4OC0zNDM2M2JjN2M0YzAiOnsiY3JlYXRlIjo2MDAwMDAwMDAwMDAsImRlbGV0ZSI6OTAwMDAwMDAwMDAwfSwic2NoZW1hX3ZlcnNpb24iOiIxIn0=",
          "dependencies": [
            "aws_vpc.arvan_sre_vpc"
          ]
        }
      ]
    },
    {
      "mode": "managed",
      "type": "aws_subnet",
      "name": "arvan_sre_subnet",
      "provider": "provider[\"registry.terraform.io/hashicorp/aws\"]",
      "instances": [
        {
          "schema_version": 1,
          "attributes": {
            "arn": "arn:aws:ec2:us-east-1:730335442118:subnet/subnet-069a18d5651ebb141",
            "assign_ipv6_address_on_creation": false,
            "availability_zone": "us-east-1e",
            "availability_zone_id": "use1-az3",
            "cidr_block": "10.0.1.0/24",
            "customer_owned_ipv4_pool": "",
            "enable_dns64": false,
            "enable_lni_at_device_index": 0,
            "enable_resource_name_dns_a_record_on_launch": false,
            "enable_resource_name_dns_aaaa_record_on_launch": false,
            "id": "subnet-069a18d5651ebb141",
            "ipv6_cidr_block": "",
            "ipv6_cidr_block_association_id": "",
            "ipv6_native": false,
            "map_customer_owned_ip_on_launch": false,
            "map_public_ip_on_launch": true,
            "outpost_arn": "",
            "owner_id": "730335442118",
            "private_dns_hostname_type_on_launch": "ip-name",
            "tags": {
              "Name": "subnet_arvan_sre"
            },
            "tags_all": {
              "Name": "subnet_arvan_sre"
            },
            "timeouts": null,
            "vpc_id": "vpc-0c9f6b01485e7c065"
          },
          "sensitive_attributes": [],
          "private": "eyJlMmJmYjczMC1lY2FhLTExZTYtOGY4OC0zNDM2M2JjN2M0YzAiOnsiY3JlYXRlIjo2MDAwMDAwMDAwMDAsImRlbGV0ZSI6MTIwMDAwMDAwMDAwMH0sInNjaGVtYV92ZXJzaW9uIjoiMSJ9",
          "dependencies": [
            "aws_vpc.arvan_sre_vpc"
          ]
        }
      ]
    },
    {
      "mode": "managed",
      "type": "aws_vpc",
      "name": "arvan_sre_vpc",
      "provider": "provider[\"registry.terraform.io/hashicorp/aws\"]",
      "instances": [
        {
          "schema_version": 1,
          "attributes": {
            "arn": "arn:aws:ec2:us-east-1:730335442118:vpc/vpc-0c9f6b01485e7c065",
            "assign_generated_ipv6_cidr_block": false,
            "cidr_block": "10.0.0.0/16",
            "default_network_acl_id": "acl-0ea50709e4e1d0ca0",
            "default_route_table_id": "rtb-0da7e4a11bf0875c2",
            "default_security_group_id": "sg-0bd80ac3fcd2b0e60",
            "dhcp_options_id": "dopt-0b0ad836ea32776e6",
            "enable_dns_hostnames": false,
            "enable_dns_support": true,
            "enable_network_address_usage_metrics": false,
            "id": "vpc-0c9f6b01485e7c065",
            "instance_tenancy": "default",
            "ipv4_ipam_pool_id": null,
            "ipv4_netmask_length": null,
            "ipv6_association_id": "",
            "ipv6_cidr_block": "",
            "ipv6_cidr_block_network_border_group": "",
            "ipv6_ipam_pool_id": "",
            "ipv6_netmask_length": 0,
            "main_route_table_id": "rtb-0da7e4a11bf0875c2",
            "owner_id": "730335442118",
            "tags": {
              "Name": "vpc_arvan_sre"
            },
            "tags_all": {
              "Name": "vpc_arvan_sre"
            }
          },
          "sensitive_attributes": [],
          "private": "eyJzY2hlbWFfdmVyc2lvbiI6IjEifQ=="
        }
      ]
    },
    {
      "mode": "managed",
      "type": "tls_private_key",
      "name": "arvan_sre_ssh_rsa_private_key",
      "provider": "provider[\"registry.terraform.io/hashicorp/tls\"]",
      "instances": [
        {
          "schema_version": 1,
          "attributes": {
            "algorithm": "RSA",
            "ecdsa_curve": "P224",
            "id": "14eadd46cde34e3935ec4ed1e45334097aee5feb",
            "private_key_openssh": "-----BEGIN OPENSSH PRIVATE KEY-----\nb3BlbnNzaC1rZXktdjEAAAAABG5vbmUAAAAEbm9uZQAAAAAAAAABAAACFwAAAAdz\nc2gtcnNhAAAAAwEAAQAAAgEAxbHvOwl4rrhu/6Dq9TTWaMkn+SxDWtqNq8OvxiTs\n0WJQoTIb9Y/fzGZsibHGXPfexIYPj04mZeQtuXtWDEs99awhdUp+2ILhst3rNB7n\nk/n0aHhbb78nQLfSuzp1N8bHNnBMRA/suiNVoVUfCtPUWfUICSLN/vtTMKBBIT7b\nPIp/7usY3OiTSNVtsgZ7zw+RBOCZyeyt+1XKjaFEeRxiNf3On6YhdAqzejCAjdKf\np6Gtpr+dtGK6nqgqhGP6714k6xUK3efqlvYAPU/SRseQUoCgnrRmPNKSk/yfu98H\n7XsUTWwcdDKOpATdO01rASCM5v/uMfw/pvQyB79/jZcX9GJxbIZDK07UnAf6zrZb\nXuOjMn7yTXDFdikY8yY/4Lfgrpqj0DiouVL50M88U0aL5qTzrrTwscQ9LaI5a+IA\nLtb6zp1ITqEvzFTdRdh08h/wRqkFvPzFLoBplUvmkBxyFQZIg75A1amIW4zBt2Jx\n/m1wPEhrSAbCwR+aj2HNvjoxg1E5rgIKDsHGywjK4PaR1QCigInuQjxJzY/lxLi0\nRV5GFB1U+cov2aMlxCprXMhFBBqwxiw8ot77QLJQkgOYfOhe7Vgo95iWNGNZJCSh\n/j5AUTQpqw+XJsH14CjQPfKUUGLzG+O67bV3z/2BAAZqk63tlLxzFHBCd/F3l53/\niA8AAAc4o1oS4KNaEuAAAAAHc3NoLXJzYQAAAgEAxbHvOwl4rrhu/6Dq9TTWaMkn\n+SxDWtqNq8OvxiTs0WJQoTIb9Y/fzGZsibHGXPfexIYPj04mZeQtuXtWDEs99awh\ndUp+2ILhst3rNB7nk/n0aHhbb78nQLfSuzp1N8bHNnBMRA/suiNVoVUfCtPUWfUI\nCSLN/vtTMKBBIT7bPIp/7usY3OiTSNVtsgZ7zw+RBOCZyeyt+1XKjaFEeRxiNf3O\nn6YhdAqzejCAjdKfp6Gtpr+dtGK6nqgqhGP6714k6xUK3efqlvYAPU/SRseQUoCg\nnrRmPNKSk/yfu98H7XsUTWwcdDKOpATdO01rASCM5v/uMfw/pvQyB79/jZcX9GJx\nbIZDK07UnAf6zrZbXuOjMn7yTXDFdikY8yY/4Lfgrpqj0DiouVL50M88U0aL5qTz\nrrTwscQ9LaI5a+IALtb6zp1ITqEvzFTdRdh08h/wRqkFvPzFLoBplUvmkBxyFQZI\ng75A1amIW4zBt2Jx/m1wPEhrSAbCwR+aj2HNvjoxg1E5rgIKDsHGywjK4PaR1QCi\ngInuQjxJzY/lxLi0RV5GFB1U+cov2aMlxCprXMhFBBqwxiw8ot77QLJQkgOYfOhe\n7Vgo95iWNGNZJCSh/j5AUTQpqw+XJsH14CjQPfKUUGLzG+O67bV3z/2BAAZqk63t\nlLxzFHBCd/F3l53/iA8AAAADAQABAAACAQCkMLm90In4opkdmepKKM4CTT7zxX1T\nUbzj8SxlZnmBFSReHJ33/rwiqNZwLcPPptXPZoA5xvBBI5eOOw8mOr+E8KcBIRPk\ngh8tTP5xVVGEJs6EjaFzV9EkAQf2FAESh/cgEXhl9svndD1ENswHVBNDeyxnWg64\nPMfE1PQCxo+S4nyKU5tcrZTVotzuRFBDkmwhHuDbQcTlv0TxCAU0iQxQRzF6iqGy\nHMkfLHU4VLvgn3j3yqESFgVki8p0Fg1tDEWhMOLLljfRlRJx2X+M5WXJ/6Zm6PEY\nhtLSMbgAcqXE6Lnd63JeVzb8pkWPYScD0qLzn4+W2CeNY7bBlJw9XkW3bsrGVsO2\nEVpl0cwRq+OS70CEZWTzHX7xUPt0/BUZqej+WmongKDgMOBgIS45Wmcf9c3kCV7f\nAOku7qslgH7fB5ZmS4WgHvhCgPsEP8/HllcHV1trVEluOEDLdr12/GIEmdi4LHaP\nO4dpXppGwMz4i/7Smy9B2cfkJrqAr9B6JqiudtQD+Nk1W8hDj1Wi2eMf+JQ32JmA\n+vgFnOyPtekqZ4l/EOVtovK+C9ZykJBz8zTRazQBomfYWUudMJNSKWb/D1BWb4wC\n7A1iJHj8oeWG8Qj3D1GZSwC8NZSC+hndkgpjiSEAhgHYkofEKudgD6bPi9D9D/ZE\nSeG4ATUVlLf/cQAAAQBDd5ibKpm01LAFfuCeKgH07mfyfSnrl0A1q0ypza2KdwBh\n290jkwiBUAb+QbkLc3VEtSQxjAlLN/LA1GWQ5rKvLsz6ATRfDOCcfMUO1z5xb5wU\nMKWyjjbo5wPIzHvuz9/p55z3aVKNX2WV8gcdU766UI9tAGONOMl8egNJaiPCiiVI\n9v3XQCPEoI/3XQty6pkET+ppe0cX9eixCW2UIpiX56wyIApI8nyu4AbuUgsR1mYU\nghiKtLIITdxh4sXrS5SbjegtOO5XPQ3WHE7neI9W9S/XcZaMlxxr0UbY9rTVLeYF\ns1PxFP3K9q2Q9nsy+KNPHcgZBqJOcpc4hTKrImhzAAABAQDnpg4Hjlq9lbk0o4T2\n9B/IiqwaZ7by6qNLQkiF+H8jkk3DZ6OIDPwFC0+PMUezlLC/TL+3nZV+GIcgV6pZ\n0PI+QNhaLCr+k1OGeDKa6NCBiZpEpzwHoDrnksFrFLJDRvjymMZevvGfh5yMp0FH\nVObtEM4vY1eLs7MIwb5mA7q0CEnlqAFfL4h1Q61du7g+Kfi4shm8h0RRBGRtRZpQ\nb+via/CgVhSSBmzgGrOrLcUTNz2cwaXlA5GVDj0hnYoW18+aU8/QTJqrSbLcd8uc\nRKQXDxj6QupLKW6HJKkBOPRR3L4HNMiq9Sc6lkrud2+0fEWd35J+zboUwPuaRrdc\n6EwjAAABAQDaeiW84jApUdDi4/wYuOkY/cY554gnZg5YPiEt6cvcBznHLPbrDx3f\nnjlzrJdcvnCspiAWANRQkJUMqB7/VfwQuCp1qUb0P8XGQECFEMHqaagjc2bksrTP\nQsdjcc7TpFsXmlIkVik5WkOm4jaKZQ4gwgR/368LLZ4JAbzaG6wkGltLq0jifjK1\nFjzj+QivC9iTgrgIoRHvGrO7/8L/oi29apoc3heW/0Tw7RpEBXreR3tVUbZlVfhr\n/Lrjnayv4JKPfOEyjOmvya2pyGKOUXokaIoNev0F44pteklhuDsh+RmUh0eIt6Ju\npppjw7mLU2HjilACicMlYVzfCRxVwk0lAAAAAAEC\n-----END OPENSSH PRIVATE KEY-----\n",
            "private_key_pem": "-----BEGIN RSA PRIVATE KEY-----\nMIIJKAIBAAKCAgEAxbHvOwl4rrhu/6Dq9TTWaMkn+SxDWtqNq8OvxiTs0WJQoTIb\n9Y/fzGZsibHGXPfexIYPj04mZeQtuXtWDEs99awhdUp+2ILhst3rNB7nk/n0aHhb\nb78nQLfSuzp1N8bHNnBMRA/suiNVoVUfCtPUWfUICSLN/vtTMKBBIT7bPIp/7usY\n3OiTSNVtsgZ7zw+RBOCZyeyt+1XKjaFEeRxiNf3On6YhdAqzejCAjdKfp6Gtpr+d\ntGK6nqgqhGP6714k6xUK3efqlvYAPU/SRseQUoCgnrRmPNKSk/yfu98H7XsUTWwc\ndDKOpATdO01rASCM5v/uMfw/pvQyB79/jZcX9GJxbIZDK07UnAf6zrZbXuOjMn7y\nTXDFdikY8yY/4Lfgrpqj0DiouVL50M88U0aL5qTzrrTwscQ9LaI5a+IALtb6zp1I\nTqEvzFTdRdh08h/wRqkFvPzFLoBplUvmkBxyFQZIg75A1amIW4zBt2Jx/m1wPEhr\nSAbCwR+aj2HNvjoxg1E5rgIKDsHGywjK4PaR1QCigInuQjxJzY/lxLi0RV5GFB1U\n+cov2aMlxCprXMhFBBqwxiw8ot77QLJQkgOYfOhe7Vgo95iWNGNZJCSh/j5AUTQp\nqw+XJsH14CjQPfKUUGLzG+O67bV3z/2BAAZqk63tlLxzFHBCd/F3l53/iA8CAwEA\nAQKCAgEApDC5vdCJ+KKZHZnqSijOAk0+88V9U1G84/EsZWZ5gRUkXhyd9/68IqjW\ncC3Dz6bVz2aAOcbwQSOXjjsPJjq/hPCnASET5IIfLUz+cVVRhCbOhI2hc1fRJAEH\n9hQBEof3IBF4ZfbL53Q9RDbMB1QTQ3ssZ1oOuDzHxNT0AsaPkuJ8ilObXK2U1aLc\n7kRQQ5JsIR7g20HE5b9E8QgFNIkMUEcxeoqhshzJHyx1OFS74J9498qhEhYFZIvK\ndBYNbQxFoTDiy5Y30ZUScdl/jOVlyf+mZujxGIbS0jG4AHKlxOi53etyXlc2/KZF\nj2EnA9Ki85+PltgnjWO2wZScPV5Ft27KxlbDthFaZdHMEavjku9AhGVk8x1+8VD7\ndPwVGano/lpqJ4Cg4DDgYCEuOVpnH/XN5Ale3wDpLu6rJYB+3weWZkuFoB74QoD7\nBD/Px5ZXB1dba1RJbjhAy3a9dvxiBJnYuCx2jzuHaV6aRsDM+Iv+0psvQdnH5Ca6\ngK/QeiaornbUA/jZNVvIQ49VotnjH/iUN9iZgPr4BZzsj7XpKmeJfxDlbaLyvgvW\ncpCQc/M00Ws0AaJn2FlLnTCTUilm/w9QVm+MAuwNYiR4/KHlhvEI9w9RmUsAvDWU\ngvoZ3ZIKY4khAIYB2JKHxCrnYA+mz4vQ/Q/2REnhuAE1FZS3/3ECggEBAOemDgeO\nWr2VuTSjhPb0H8iKrBpntvLqo0tCSIX4fyOSTcNno4gM/AULT48xR7OUsL9Mv7ed\nlX4YhyBXqlnQ8j5A2FosKv6TU4Z4Mpro0IGJmkSnPAegOueSwWsUskNG+PKYxl6+\n8Z+HnIynQUdU5u0Qzi9jV4uzswjBvmYDurQISeWoAV8viHVDrV27uD4p+LiyGbyH\nRFEEZG1FmlBv6+Jr8KBWFJIGbOAas6stxRM3PZzBpeUDkZUOPSGdihbXz5pTz9BM\nmqtJstx3y5xEpBcPGPpC6kspbockqQE49FHcvgc0yKr1JzqWSu53b7R8RZ3fkn7N\nuhTA+5pGt1zoTCMCggEBANp6JbziMClR0OLj/Bi46Rj9xjnniCdmDlg+IS3py9wH\nOccs9usPHd+eOXOsl1y+cKymIBYA1FCQlQyoHv9V/BC4KnWpRvQ/xcZAQIUQwepp\nqCNzZuSytM9Cx2NxztOkWxeaUiRWKTlaQ6biNoplDiDCBH/frwstngkBvNobrCQa\nW0urSOJ+MrUWPOP5CK8L2JOCuAihEe8as7v/wv+iLb1qmhzeF5b/RPDtGkQFet5H\ne1VRtmVV+Gv8uuOdrK/gko984TKM6a/JranIYo5ReiRoig16/QXjim16SWG4OyH5\nGZSHR4i3om6mmmPDuYtTYeOKUAKJwyVhXN8JHFXCTSUCggEAMRwtQUDWz/acCyLX\nn5tl2Zg8oGR4jstbzyrAQVbLbXko71Jbgw5tp4wcU9k4wEO3rPbSdlT8Sn1cuGid\nfukjUjthIszWWJ5XSNzWrazJ94x6ni9uNJetpUahptf+avDy+kuVUqTciNuxPsh+\nuGaxhnTXoYhIGSABxst8WBhWTrCrKfsSP2HOZj3w1Txk9Rjk2BM6DZQH0b1CpT/q\nVT9FHP2RSAy307V1A5XlnVbYvxgpAcC0MPcuuBEKuMOzcOBT7P3zws9awxGez8q9\n6eVLfHAA9Z2WGlUwT4pgIhg3A9vulYyFNmk+5dbTD/dWQUdPYwbxAd0PpDK9pJl1\nakb9TQKCAQB9T85RdpMVQB5F5Wp1a6oXcYe/MrP/lSPpLUmuogkR3Psg6QN/c544\n4vIlDPuMcJcEEA0bUcJ1q1gyeEO/RLxdgqSn9D4EXoe73KKlMCVppMyR+OEtj+rx\nbmYa/e4Zqo2tDhDLUrg2czWWhO2vl6Lw2xflmJE4IiQhGmQN3g1wb8Wps0cM0kGX\naHfocrCuZmcExNd165zzvicVT++y3HzLxlc685AoRaZvYi/MkDAXSnzNRR8PJK5m\nkgFICOpBvteRgZlRe02WTGFVnuAYrVcXhvaYIND8DbUacieg6yDPrackcCtxmZKL\nUPgA/QRxi5P8BRs7OXU6/YtdSkZ8UgQZAoIBAEN3mJsqmbTUsAV+4J4qAfTuZ/J9\nKeuXQDWrTKnNrYp3AGHb3SOTCIFQBv5BuQtzdUS1JDGMCUs38sDUZZDmsq8uzPoB\nNF8M4Jx8xQ7XPnFvnBQwpbKONujnA8jMe+7P3+nnnPdpUo1fZZXyBx1TvrpQj20A\nY404yXx6A0lqI8KKJUj2/ddAI8Sgj/ddC3LqmQRP6ml7Rxf16LEJbZQimJfnrDIg\nCkjyfK7gBu5SCxHWZhSCGIq0sghN3GHixetLlJuN6C047lc9DdYcTud4j1b1L9dx\nloyXHGvRRtj2tNUt5gWzU/EU/cr2rZD2ezL4o08dyBkGok5ylziFMqsiaHM=\n-----END RSA PRIVATE KEY-----\n",
            "private_key_pem_pkcs8": "-----BEGIN PRIVATE KEY-----\nMIIJQgIBADANBgkqhkiG9w0BAQEFAASCCSwwggkoAgEAAoICAQDFse87CXiuuG7/\noOr1NNZoySf5LENa2o2rw6/GJOzRYlChMhv1j9/MZmyJscZc997Ehg+PTiZl5C25\ne1YMSz31rCF1Sn7YguGy3es0HueT+fRoeFtvvydAt9K7OnU3xsc2cExED+y6I1Wh\nVR8K09RZ9QgJIs3++1MwoEEhPts8in/u6xjc6JNI1W2yBnvPD5EE4JnJ7K37VcqN\noUR5HGI1/c6fpiF0CrN6MICN0p+noa2mv520YrqeqCqEY/rvXiTrFQrd5+qW9gA9\nT9JGx5BSgKCetGY80pKT/J+73wftexRNbBx0Mo6kBN07TWsBIIzm/+4x/D+m9DIH\nv3+Nlxf0YnFshkMrTtScB/rOtlte46MyfvJNcMV2KRjzJj/gt+CumqPQOKi5UvnQ\nzzxTRovmpPOutPCxxD0tojlr4gAu1vrOnUhOoS/MVN1F2HTyH/BGqQW8/MUugGmV\nS+aQHHIVBkiDvkDVqYhbjMG3YnH+bXA8SGtIBsLBH5qPYc2+OjGDUTmuAgoOwcbL\nCMrg9pHVAKKAie5CPEnNj+XEuLRFXkYUHVT5yi/ZoyXEKmtcyEUEGrDGLDyi3vtA\nslCSA5h86F7tWCj3mJY0Y1kkJKH+PkBRNCmrD5cmwfXgKNA98pRQYvMb47rttXfP\n/YEABmqTre2UvHMUcEJ38XeXnf+IDwIDAQABAoICAQCkMLm90In4opkdmepKKM4C\nTT7zxX1TUbzj8SxlZnmBFSReHJ33/rwiqNZwLcPPptXPZoA5xvBBI5eOOw8mOr+E\n8KcBIRPkgh8tTP5xVVGEJs6EjaFzV9EkAQf2FAESh/cgEXhl9svndD1ENswHVBND\neyxnWg64PMfE1PQCxo+S4nyKU5tcrZTVotzuRFBDkmwhHuDbQcTlv0TxCAU0iQxQ\nRzF6iqGyHMkfLHU4VLvgn3j3yqESFgVki8p0Fg1tDEWhMOLLljfRlRJx2X+M5WXJ\n/6Zm6PEYhtLSMbgAcqXE6Lnd63JeVzb8pkWPYScD0qLzn4+W2CeNY7bBlJw9XkW3\nbsrGVsO2EVpl0cwRq+OS70CEZWTzHX7xUPt0/BUZqej+WmongKDgMOBgIS45Wmcf\n9c3kCV7fAOku7qslgH7fB5ZmS4WgHvhCgPsEP8/HllcHV1trVEluOEDLdr12/GIE\nmdi4LHaPO4dpXppGwMz4i/7Smy9B2cfkJrqAr9B6JqiudtQD+Nk1W8hDj1Wi2eMf\n+JQ32JmA+vgFnOyPtekqZ4l/EOVtovK+C9ZykJBz8zTRazQBomfYWUudMJNSKWb/\nD1BWb4wC7A1iJHj8oeWG8Qj3D1GZSwC8NZSC+hndkgpjiSEAhgHYkofEKudgD6bP\ni9D9D/ZESeG4ATUVlLf/cQKCAQEA56YOB45avZW5NKOE9vQfyIqsGme28uqjS0JI\nhfh/I5JNw2ejiAz8BQtPjzFHs5Swv0y/t52VfhiHIFeqWdDyPkDYWiwq/pNThngy\nmujQgYmaRKc8B6A655LBaxSyQ0b48pjGXr7xn4ecjKdBR1Tm7RDOL2NXi7OzCMG+\nZgO6tAhJ5agBXy+IdUOtXbu4Pin4uLIZvIdEUQRkbUWaUG/r4mvwoFYUkgZs4Bqz\nqy3FEzc9nMGl5QORlQ49IZ2KFtfPmlPP0Eyaq0my3HfLnESkFw8Y+kLqSyluhySp\nATj0Udy+BzTIqvUnOpZK7ndvtHxFnd+Sfs26FMD7mka3XOhMIwKCAQEA2nolvOIw\nKVHQ4uP8GLjpGP3GOeeIJ2YOWD4hLenL3Ac5xyz26w8d3545c6yXXL5wrKYgFgDU\nUJCVDKge/1X8ELgqdalG9D/FxkBAhRDB6mmoI3Nm5LK0z0LHY3HO06RbF5pSJFYp\nOVpDpuI2imUOIMIEf9+vCy2eCQG82husJBpbS6tI4n4ytRY84/kIrwvYk4K4CKER\n7xqzu//C/6ItvWqaHN4Xlv9E8O0aRAV63kd7VVG2ZVX4a/y6452sr+CSj3zhMozp\nr8mtqchijlF6JGiKDXr9BeOKbXpJYbg7IfkZlIdHiLeibqaaY8O5i1Nh44pQAonD\nJWFc3wkcVcJNJQKCAQAxHC1BQNbP9pwLItefm2XZmDygZHiOy1vPKsBBVstteSjv\nUluDDm2njBxT2TjAQ7es9tJ2VPxKfVy4aJ1+6SNSO2EizNZYnldI3NatrMn3jHqe\nL240l62lRqGm1/5q8PL6S5VSpNyI27E+yH64ZrGGdNehiEgZIAHGy3xYGFZOsKsp\n+xI/Yc5mPfDVPGT1GOTYEzoNlAfRvUKlP+pVP0Uc/ZFIDLfTtXUDleWdVti/GCkB\nwLQw9y64EQq4w7Nw4FPs/fPCz1rDEZ7Pyr3p5Ut8cAD1nZYaVTBPimAiGDcD2+6V\njIU2aT7l1tMP91ZBR09jBvEB3Q+kMr2kmXVqRv1NAoIBAH1PzlF2kxVAHkXlanVr\nqhdxh78ys/+VI+ktSa6iCRHc+yDpA39znjji8iUM+4xwlwQQDRtRwnWrWDJ4Q79E\nvF2CpKf0PgReh7vcoqUwJWmkzJH44S2P6vFuZhr97hmqja0OEMtSuDZzNZaE7a+X\novDbF+WYkTgiJCEaZA3eDXBvxamzRwzSQZdod+hysK5mZwTE13XrnPO+JxVP77Lc\nfMvGVzrzkChFpm9iL8yQMBdKfM1FHw8krmaSAUgI6kG+15GBmVF7TZZMYVWe4Bit\nVxeG9pgg0PwNtRpyJ6DrIM+tpyRwK3GZkotQ+AD9BHGLk/wFGzs5dTr9i11KRnxS\nBBkCggEAQ3eYmyqZtNSwBX7gnioB9O5n8n0p65dANatMqc2tincAYdvdI5MIgVAG\n/kG5C3N1RLUkMYwJSzfywNRlkOayry7M+gE0XwzgnHzFDtc+cW+cFDClso426OcD\nyMx77s/f6eec92lSjV9llfIHHVO+ulCPbQBjjTjJfHoDSWojwoolSPb910AjxKCP\n910LcuqZBE/qaXtHF/XosQltlCKYl+esMiAKSPJ8ruAG7lILEdZmFIIYirSyCE3c\nYeLF60uUm43oLTjuVz0N1hxO53iPVvUv13GWjJcca9FG2Pa01S3mBbNT8RT9yvat\nkPZ7MvijTx3IGQaiTnKXOIUyqyJocw==\n-----END PRIVATE KEY-----\n",
            "public_key_fingerprint_md5": "cc:38:cb:7d:db:a1:6e:4b:7a:45:81:d1:c8:52:21:89",
            "public_key_fingerprint_sha256": "SHA256:4NuZsZAuog4UAEo9+l67gqK/bqjoD2/ZpUxgohQ6L1Q",
            "public_key_openssh": "ssh-rsa AAAAB3NzaC1yc2EAAAADAQABAAACAQDFse87CXiuuG7/oOr1NNZoySf5LENa2o2rw6/GJOzRYlChMhv1j9/MZmyJscZc997Ehg+PTiZl5C25e1YMSz31rCF1Sn7YguGy3es0HueT+fRoeFtvvydAt9K7OnU3xsc2cExED+y6I1WhVR8K09RZ9QgJIs3++1MwoEEhPts8in/u6xjc6JNI1W2yBnvPD5EE4JnJ7K37VcqNoUR5HGI1/c6fpiF0CrN6MICN0p+noa2mv520YrqeqCqEY/rvXiTrFQrd5+qW9gA9T9JGx5BSgKCetGY80pKT/J+73wftexRNbBx0Mo6kBN07TWsBIIzm/+4x/D+m9DIHv3+Nlxf0YnFshkMrTtScB/rOtlte46MyfvJNcMV2KRjzJj/gt+CumqPQOKi5UvnQzzxTRovmpPOutPCxxD0tojlr4gAu1vrOnUhOoS/MVN1F2HTyH/BGqQW8/MUugGmVS+aQHHIVBkiDvkDVqYhbjMG3YnH+bXA8SGtIBsLBH5qPYc2+OjGDUTmuAgoOwcbLCMrg9pHVAKKAie5CPEnNj+XEuLRFXkYUHVT5yi/ZoyXEKmtcyEUEGrDGLDyi3vtAslCSA5h86F7tWCj3mJY0Y1kkJKH+PkBRNCmrD5cmwfXgKNA98pRQYvMb47rttXfP/YEABmqTre2UvHMUcEJ38XeXnf+IDw==\n",
            "public_key_pem": "-----BEGIN PUBLIC KEY-----\nMIICIjANBgkqhkiG9w0BAQEFAAOCAg8AMIICCgKCAgEAxbHvOwl4rrhu/6Dq9TTW\naMkn+SxDWtqNq8OvxiTs0WJQoTIb9Y/fzGZsibHGXPfexIYPj04mZeQtuXtWDEs9\n9awhdUp+2ILhst3rNB7nk/n0aHhbb78nQLfSuzp1N8bHNnBMRA/suiNVoVUfCtPU\nWfUICSLN/vtTMKBBIT7bPIp/7usY3OiTSNVtsgZ7zw+RBOCZyeyt+1XKjaFEeRxi\nNf3On6YhdAqzejCAjdKfp6Gtpr+dtGK6nqgqhGP6714k6xUK3efqlvYAPU/SRseQ\nUoCgnrRmPNKSk/yfu98H7XsUTWwcdDKOpATdO01rASCM5v/uMfw/pvQyB79/jZcX\n9GJxbIZDK07UnAf6zrZbXuOjMn7yTXDFdikY8yY/4Lfgrpqj0DiouVL50M88U0aL\n5qTzrrTwscQ9LaI5a+IALtb6zp1ITqEvzFTdRdh08h/wRqkFvPzFLoBplUvmkBxy\nFQZIg75A1amIW4zBt2Jx/m1wPEhrSAbCwR+aj2HNvjoxg1E5rgIKDsHGywjK4PaR\n1QCigInuQjxJzY/lxLi0RV5GFB1U+cov2aMlxCprXMhFBBqwxiw8ot77QLJQkgOY\nfOhe7Vgo95iWNGNZJCSh/j5AUTQpqw+XJsH14CjQPfKUUGLzG+O67bV3z/2BAAZq\nk63tlLxzFHBCd/F3l53/iA8CAwEAAQ==\n-----END PUBLIC KEY-----\n",
            "rsa_bits": 4096
          },
          "sensitive_attributes": [
            [
              {
                "type": "get_attr",
                "value": "private_key_pem"
              }
            ],
            [
              {
                "type": "get_attr",
                "value": "private_key_openssh"
              }
            ],
            [
              {
                "type": "get_attr",
                "value": "private_key_pem_pkcs8"
              }
            ]
          ]
        }
      ]
    }
  ],
  "check_results": null
}
