{
  "version": 4,
  "terraform_version": "1.10.0",
  "serial": 140,
  "lineage": "87605e1a-14c5-1560-d9e3-5c9f40e157b1",
  "outputs": {},
  "resources": [
    {
      "mode": "managed",
      "type": "ansible_host",
      "name": "arvan_sre_control_plane_host",
      "provider": "provider[\"registry.terraform.io/ansible/ansible\"]",
      "instances": [
        {
          "schema_version": 0,
          "attributes": {
            "groups": [
              "master"
            ],
            "id": "control_plane",
            "name": "control_plane",
            "variables": {
              "ansible_host": "44.200.125.142",
              "ansible_ssh_private_key_file": "./files/arvan_sre_rsa",
              "ansible_user": "ubuntu",
              "node_hostname": "master"
            }
          },
          "sensitive_attributes": [],
          "private": "bnVsbA==",
          "dependencies": [
            "aws_instance.arvan_sre_ec2_k8s_master",
            "aws_key_pair.arvan_sre_ssh_keypair",
            "aws_security_group.arvan_sre_security_group_common",
            "aws_security_group.arvan_sre_security_group_k8s_control_plane",
            "aws_security_group.arvan_sre_security_group_k8s_flannel",
            "aws_subnet.arvan_sre_subnet",
            "aws_vpc.arvan_sre_vpc",
            "tls_private_key.arvan_sre_ssh_rsa_private_key"
          ]
        }
      ]
    },
    {
      "mode": "managed",
      "type": "ansible_host",
      "name": "arvan_sre_worker_nodes_host",
      "provider": "provider[\"registry.terraform.io/ansible/ansible\"]",
      "instances": [
        {
          "index_key": 0,
          "schema_version": 0,
          "attributes": {
            "groups": [
              "workers"
            ],
            "id": "worker-0",
            "name": "worker-0",
            "variables": {
              "ansible_host": "44.200.248.136",
              "ansible_ssh_private_key_file": "./files/arvan_sre_rsa",
              "ansible_user": "ubuntu",
              "node_hostname": "worker-0"
            }
          },
          "sensitive_attributes": [],
          "private": "bnVsbA==",
          "dependencies": [
            "aws_instance.arvan_sre_ec2_k8s_workers",
            "aws_key_pair.arvan_sre_ssh_keypair",
            "aws_security_group.arvan_sre_security_group_common",
            "aws_security_group.arvan_sre_security_group_k8s_flannel",
            "aws_security_group.arvan_sre_security_group_k8s_worker_nodes",
            "aws_subnet.arvan_sre_subnet",
            "aws_vpc.arvan_sre_vpc",
            "tls_private_key.arvan_sre_ssh_rsa_private_key"
          ]
        },
        {
          "index_key": 1,
          "schema_version": 0,
          "attributes": {
            "groups": [
              "workers"
            ],
            "id": "worker-1",
            "name": "worker-1",
            "variables": {
              "ansible_host": "44.200.245.123",
              "ansible_ssh_private_key_file": "./files/arvan_sre_rsa",
              "ansible_user": "ubuntu",
              "node_hostname": "worker-1"
            }
          },
          "sensitive_attributes": [],
          "private": "bnVsbA==",
          "dependencies": [
            "aws_instance.arvan_sre_ec2_k8s_workers",
            "aws_key_pair.arvan_sre_ssh_keypair",
            "aws_security_group.arvan_sre_security_group_common",
            "aws_security_group.arvan_sre_security_group_k8s_flannel",
            "aws_security_group.arvan_sre_security_group_k8s_worker_nodes",
            "aws_subnet.arvan_sre_subnet",
            "aws_vpc.arvan_sre_vpc",
            "tls_private_key.arvan_sre_ssh_rsa_private_key"
          ]
        }
      ]
    },
    {
      "mode": "managed",
      "type": "aws_instance",
      "name": "arvan_sre_ec2_k8s_master",
      "provider": "provider[\"registry.terraform.io/hashicorp/aws\"]",
      "instances": [
        {
          "schema_version": 1,
          "attributes": {
            "ami": "ami-0e2c8caa4b6378d8c",
            "arn": "arn:aws:ec2:us-east-1:730335442118:instance/i-034adaeb0c5d88357",
            "associate_public_ip_address": true,
            "availability_zone": "us-east-1c",
            "capacity_reservation_specification": [
              {
                "capacity_reservation_preference": "open",
                "capacity_reservation_target": []
              }
            ],
            "cpu_core_count": 2,
            "cpu_options": [
              {
                "amd_sev_snp": "",
                "core_count": 2,
                "threads_per_core": 1
              }
            ],
            "cpu_threads_per_core": 1,
            "credit_specification": [
              {
                "cpu_credits": "standard"
              }
            ],
            "disable_api_stop": false,
            "disable_api_termination": false,
            "ebs_block_device": [],
            "ebs_optimized": false,
            "enclave_options": [
              {
                "enabled": false
              }
            ],
            "ephemeral_block_device": [],
            "get_password_data": false,
            "hibernation": false,
            "host_id": "",
            "host_resource_group_arn": null,
            "iam_instance_profile": "",
            "id": "i-034adaeb0c5d88357",
            "instance_initiated_shutdown_behavior": "stop",
            "instance_lifecycle": "",
            "instance_market_options": [],
            "instance_state": "running",
            "instance_type": "t2.medium",
            "ipv6_address_count": 0,
            "ipv6_addresses": [],
            "key_name": "arvan_sre_ssh_key",
            "launch_template": [],
            "maintenance_options": [
              {
                "auto_recovery": "default"
              }
            ],
            "metadata_options": [
              {
                "http_endpoint": "enabled",
                "http_protocol_ipv6": "disabled",
                "http_put_response_hop_limit": 2,
                "http_tokens": "required",
                "instance_metadata_tags": "disabled"
              }
            ],
            "monitoring": false,
            "network_interface": [],
            "outpost_arn": "",
            "password_data": "",
            "placement_group": "",
            "placement_partition_number": 0,
            "primary_network_interface_id": "eni-08ba9695b40cab59e",
            "private_dns": "ip-10-0-1-121.ec2.internal",
            "private_dns_name_options": [
              {
                "enable_resource_name_dns_a_record": false,
                "enable_resource_name_dns_aaaa_record": false,
                "hostname_type": "ip-name"
              }
            ],
            "private_ip": "10.0.1.121",
            "public_dns": "",
            "public_ip": "44.200.125.142",
            "root_block_device": [
              {
                "delete_on_termination": true,
                "device_name": "/dev/sda1",
                "encrypted": false,
                "iops": 3000,
                "kms_key_id": "",
                "tags": {},
                "tags_all": {},
                "throughput": 125,
                "volume_id": "vol-0e15274c23112025c",
                "volume_size": 14,
                "volume_type": "gp3"
              }
            ],
            "secondary_private_ips": [],
            "security_groups": [],
            "source_dest_check": true,
            "spot_instance_request_id": "",
            "subnet_id": "subnet-078acdc902a70487e",
            "tags": {
              "Name": "ec2_k8s_master_arvan_sre",
              "Role": "control_plane, master"
            },
            "tags_all": {
              "Name": "ec2_k8s_master_arvan_sre",
              "Role": "control_plane, master"
            },
            "tenancy": "default",
            "timeouts": null,
            "user_data": null,
            "user_data_base64": null,
            "user_data_replace_on_change": false,
            "volume_tags": null,
            "vpc_security_group_ids": [
              "sg-06f4ef47c9dc276aa",
              "sg-0b15a86f0d11830f1",
              "sg-0c4984ff7a3d7319c"
            ]
          },
          "sensitive_attributes": [],
          "private": "eyJlMmJmYjczMC1lY2FhLTExZTYtOGY4OC0zNDM2M2JjN2M0YzAiOnsiY3JlYXRlIjo2MDAwMDAwMDAwMDAsImRlbGV0ZSI6MTIwMDAwMDAwMDAwMCwicmVhZCI6OTAwMDAwMDAwMDAwLCJ1cGRhdGUiOjYwMDAwMDAwMDAwMH0sInNjaGVtYV92ZXJzaW9uIjoiMSJ9",
          "dependencies": [
            "aws_key_pair.arvan_sre_ssh_keypair",
            "aws_security_group.arvan_sre_security_group_common",
            "aws_security_group.arvan_sre_security_group_k8s_control_plane",
            "aws_security_group.arvan_sre_security_group_k8s_flannel",
            "aws_subnet.arvan_sre_subnet",
            "aws_vpc.arvan_sre_vpc",
            "tls_private_key.arvan_sre_ssh_rsa_private_key"
          ]
        }
      ]
    },
    {
      "mode": "managed",
      "type": "aws_instance",
      "name": "arvan_sre_ec2_k8s_workers",
      "provider": "provider[\"registry.terraform.io/hashicorp/aws\"]",
      "instances": [
        {
          "index_key": 0,
          "schema_version": 1,
          "attributes": {
            "ami": "ami-0e2c8caa4b6378d8c",
            "arn": "arn:aws:ec2:us-east-1:730335442118:instance/i-0bbc503de9417996b",
            "associate_public_ip_address": true,
            "availability_zone": "us-east-1c",
            "capacity_reservation_specification": [
              {
                "capacity_reservation_preference": "open",
                "capacity_reservation_target": []
              }
            ],
            "cpu_core_count": 1,
            "cpu_options": [
              {
                "amd_sev_snp": "",
                "core_count": 1,
                "threads_per_core": 1
              }
            ],
            "cpu_threads_per_core": 1,
            "credit_specification": [
              {
                "cpu_credits": "standard"
              }
            ],
            "disable_api_stop": false,
            "disable_api_termination": false,
            "ebs_block_device": [],
            "ebs_optimized": false,
            "enclave_options": [
              {
                "enabled": false
              }
            ],
            "ephemeral_block_device": [],
            "get_password_data": false,
            "hibernation": false,
            "host_id": "",
            "host_resource_group_arn": null,
            "iam_instance_profile": "",
            "id": "i-0bbc503de9417996b",
            "instance_initiated_shutdown_behavior": "stop",
            "instance_lifecycle": "",
            "instance_market_options": [],
            "instance_state": "running",
            "instance_type": "t2.micro",
            "ipv6_address_count": 0,
            "ipv6_addresses": [],
            "key_name": "arvan_sre_ssh_key",
            "launch_template": [],
            "maintenance_options": [
              {
                "auto_recovery": "default"
              }
            ],
            "metadata_options": [
              {
                "http_endpoint": "enabled",
                "http_protocol_ipv6": "disabled",
                "http_put_response_hop_limit": 2,
                "http_tokens": "required",
                "instance_metadata_tags": "disabled"
              }
            ],
            "monitoring": false,
            "network_interface": [],
            "outpost_arn": "",
            "password_data": "",
            "placement_group": "",
            "placement_partition_number": 0,
            "primary_network_interface_id": "eni-01a68ec2316cd8637",
            "private_dns": "ip-10-0-1-146.ec2.internal",
            "private_dns_name_options": [
              {
                "enable_resource_name_dns_a_record": false,
                "enable_resource_name_dns_aaaa_record": false,
                "hostname_type": "ip-name"
              }
            ],
            "private_ip": "10.0.1.146",
            "public_dns": "",
            "public_ip": "44.200.248.136",
            "root_block_device": [
              {
                "delete_on_termination": true,
                "device_name": "/dev/sda1",
                "encrypted": false,
                "iops": 3000,
                "kms_key_id": "",
                "tags": {},
                "tags_all": {},
                "throughput": 125,
                "volume_id": "vol-0c679d20dd882f86a",
                "volume_size": 8,
                "volume_type": "gp3"
              }
            ],
            "secondary_private_ips": [],
            "security_groups": [],
            "source_dest_check": true,
            "spot_instance_request_id": "",
            "subnet_id": "subnet-078acdc902a70487e",
            "tags": {
              "Name": "ec2_k8s_worker_0_arvan_sre",
              "Role": "worker"
            },
            "tags_all": {
              "Name": "ec2_k8s_worker_0_arvan_sre",
              "Role": "worker"
            },
            "tenancy": "default",
            "timeouts": null,
            "user_data": null,
            "user_data_base64": null,
            "user_data_replace_on_change": false,
            "volume_tags": null,
            "vpc_security_group_ids": [
              "sg-06f4ef47c9dc276aa",
              "sg-08a724d95d0b66ed4",
              "sg-0b15a86f0d11830f1"
            ]
          },
          "sensitive_attributes": [],
          "private": "eyJlMmJmYjczMC1lY2FhLTExZTYtOGY4OC0zNDM2M2JjN2M0YzAiOnsiY3JlYXRlIjo2MDAwMDAwMDAwMDAsImRlbGV0ZSI6MTIwMDAwMDAwMDAwMCwicmVhZCI6OTAwMDAwMDAwMDAwLCJ1cGRhdGUiOjYwMDAwMDAwMDAwMH0sInNjaGVtYV92ZXJzaW9uIjoiMSJ9",
          "dependencies": [
            "aws_key_pair.arvan_sre_ssh_keypair",
            "aws_security_group.arvan_sre_security_group_common",
            "aws_security_group.arvan_sre_security_group_k8s_flannel",
            "aws_security_group.arvan_sre_security_group_k8s_worker_nodes",
            "aws_subnet.arvan_sre_subnet",
            "aws_vpc.arvan_sre_vpc",
            "tls_private_key.arvan_sre_ssh_rsa_private_key"
          ]
        },
        {
          "index_key": 1,
          "schema_version": 1,
          "attributes": {
            "ami": "ami-0e2c8caa4b6378d8c",
            "arn": "arn:aws:ec2:us-east-1:730335442118:instance/i-0d4ce5cc950c3a1a8",
            "associate_public_ip_address": true,
            "availability_zone": "us-east-1c",
            "capacity_reservation_specification": [
              {
                "capacity_reservation_preference": "open",
                "capacity_reservation_target": []
              }
            ],
            "cpu_core_count": 1,
            "cpu_options": [
              {
                "amd_sev_snp": "",
                "core_count": 1,
                "threads_per_core": 1
              }
            ],
            "cpu_threads_per_core": 1,
            "credit_specification": [
              {
                "cpu_credits": "standard"
              }
            ],
            "disable_api_stop": false,
            "disable_api_termination": false,
            "ebs_block_device": [],
            "ebs_optimized": false,
            "enclave_options": [
              {
                "enabled": false
              }
            ],
            "ephemeral_block_device": [],
            "get_password_data": false,
            "hibernation": false,
            "host_id": "",
            "host_resource_group_arn": null,
            "iam_instance_profile": "",
            "id": "i-0d4ce5cc950c3a1a8",
            "instance_initiated_shutdown_behavior": "stop",
            "instance_lifecycle": "",
            "instance_market_options": [],
            "instance_state": "running",
            "instance_type": "t2.micro",
            "ipv6_address_count": 0,
            "ipv6_addresses": [],
            "key_name": "arvan_sre_ssh_key",
            "launch_template": [],
            "maintenance_options": [
              {
                "auto_recovery": "default"
              }
            ],
            "metadata_options": [
              {
                "http_endpoint": "enabled",
                "http_protocol_ipv6": "disabled",
                "http_put_response_hop_limit": 2,
                "http_tokens": "required",
                "instance_metadata_tags": "disabled"
              }
            ],
            "monitoring": false,
            "network_interface": [],
            "outpost_arn": "",
            "password_data": "",
            "placement_group": "",
            "placement_partition_number": 0,
            "primary_network_interface_id": "eni-07f2ebc6dac880c9d",
            "private_dns": "ip-10-0-1-123.ec2.internal",
            "private_dns_name_options": [
              {
                "enable_resource_name_dns_a_record": false,
                "enable_resource_name_dns_aaaa_record": false,
                "hostname_type": "ip-name"
              }
            ],
            "private_ip": "10.0.1.123",
            "public_dns": "",
            "public_ip": "44.200.245.123",
            "root_block_device": [
              {
                "delete_on_termination": true,
                "device_name": "/dev/sda1",
                "encrypted": false,
                "iops": 3000,
                "kms_key_id": "",
                "tags": {},
                "tags_all": {},
                "throughput": 125,
                "volume_id": "vol-0ed8c4064c054739c",
                "volume_size": 8,
                "volume_type": "gp3"
              }
            ],
            "secondary_private_ips": [],
            "security_groups": [],
            "source_dest_check": true,
            "spot_instance_request_id": "",
            "subnet_id": "subnet-078acdc902a70487e",
            "tags": {
              "Name": "ec2_k8s_worker_1_arvan_sre",
              "Role": "worker"
            },
            "tags_all": {
              "Name": "ec2_k8s_worker_1_arvan_sre",
              "Role": "worker"
            },
            "tenancy": "default",
            "timeouts": null,
            "user_data": null,
            "user_data_base64": null,
            "user_data_replace_on_change": false,
            "volume_tags": null,
            "vpc_security_group_ids": [
              "sg-06f4ef47c9dc276aa",
              "sg-08a724d95d0b66ed4",
              "sg-0b15a86f0d11830f1"
            ]
          },
          "sensitive_attributes": [],
          "private": "eyJlMmJmYjczMC1lY2FhLTExZTYtOGY4OC0zNDM2M2JjN2M0YzAiOnsiY3JlYXRlIjo2MDAwMDAwMDAwMDAsImRlbGV0ZSI6MTIwMDAwMDAwMDAwMCwicmVhZCI6OTAwMDAwMDAwMDAwLCJ1cGRhdGUiOjYwMDAwMDAwMDAwMH0sInNjaGVtYV92ZXJzaW9uIjoiMSJ9",
          "dependencies": [
            "aws_key_pair.arvan_sre_ssh_keypair",
            "aws_security_group.arvan_sre_security_group_common",
            "aws_security_group.arvan_sre_security_group_k8s_flannel",
            "aws_security_group.arvan_sre_security_group_k8s_worker_nodes",
            "aws_subnet.arvan_sre_subnet",
            "aws_vpc.arvan_sre_vpc",
            "tls_private_key.arvan_sre_ssh_rsa_private_key"
          ]
        }
      ]
    },
    {
      "mode": "managed",
      "type": "aws_internet_gateway",
      "name": "arvan_sre_internet_gateway",
      "provider": "provider[\"registry.terraform.io/hashicorp/aws\"]",
      "instances": [
        {
          "schema_version": 0,
          "attributes": {
            "arn": "arn:aws:ec2:us-east-1:730335442118:internet-gateway/igw-0fd2c7f3cc2086a83",
            "id": "igw-0fd2c7f3cc2086a83",
            "owner_id": "730335442118",
            "tags": {
              "Name": "igw_arvan_sre"
            },
            "tags_all": {
              "Name": "igw_arvan_sre"
            },
            "timeouts": null,
            "vpc_id": "vpc-0d02d51966cd9c8cb"
          },
          "sensitive_attributes": [],
          "private": "eyJlMmJmYjczMC1lY2FhLTExZTYtOGY4OC0zNDM2M2JjN2M0YzAiOnsiY3JlYXRlIjoxMjAwMDAwMDAwMDAwLCJkZWxldGUiOjEyMDAwMDAwMDAwMDAsInVwZGF0ZSI6MTIwMDAwMDAwMDAwMH19",
          "dependencies": [
            "aws_vpc.arvan_sre_vpc"
          ]
        }
      ]
    },
    {
      "mode": "managed",
      "type": "aws_key_pair",
      "name": "arvan_sre_ssh_keypair",
      "provider": "provider[\"registry.terraform.io/hashicorp/aws\"]",
      "instances": [
        {
          "schema_version": 1,
          "attributes": {
            "arn": "arn:aws:ec2:us-east-1:730335442118:key-pair/arvan_sre_ssh_key",
            "fingerprint": "ed:ae:3d:9d:0f:a4:f4:2d:17:90:d9:d4:e5:ed:05:4d",
            "id": "arvan_sre_ssh_key",
            "key_name": "arvan_sre_ssh_key",
            "key_name_prefix": "",
            "key_pair_id": "key-066b14789e6831bd4",
            "key_type": "rsa",
            "public_key": "ssh-rsa AAAAB3NzaC1yc2EAAAADAQABAAACAQDbWaMiqGW/alehW1UWpnB/IcJiyEIokSRWA3leKr5Tx10VYoKEUxWWWLh+n59qdLae8gt8chXKDifg1ro6gh/DrRAA/l7hbiXA04y6rPl00vTKBWXV1OnRVlH08lNHnJjZSwmLJf+15sRprQJTW5noLaCZvR3epaS3j0MJkSa5HGBAI8en6/1rsd4GJtgBzyfik8MgRxn5O5metTiUkbXB2urX3Bi+KBaucXiQpJPBUeGq6D8zbkjD0SzKH/Zodkgvx412WC1oYiIdrXyUMJV+24giFrTN5GtWK8oVUSMTvMxP3AsKEgcvDBTzZJK7c2z4jrMsDElnU3BjTyP+5X03qzRTl0inPHAo8lvIrhhUyJs/IcIGEUxXSxf1QvZhgVkMWR5Sidow4hWbCrhBA7I0PqvSRBVxWQjhGOoQiwNo4lK+zlseSQe4tFCerqPrx/oCzEXZqVlJW4NWSBQq5L6UnGSGLFxplKuEDjYHMAsyJHzK9YyfB2CiGJD+APcOqhn/4E4VFe/Xs1zSg3eU841Vb9MUPrtZai/kSijjFQhiGR2/NQplgo87v9FALSPt0kAY9erFY6BDvpZv2SVyu7/I/lKONgpMuA84yk1BO90Z1pBRzGef9zC+Hle2reC/1VNOB11+gkGiahHeEx3LsjXy8g3xHofXQjSG/lCLXjQStw==",
            "tags": {},
            "tags_all": {}
          },
          "sensitive_attributes": [],
          "private": "eyJzY2hlbWFfdmVyc2lvbiI6IjEifQ==",
          "dependencies": [
            "tls_private_key.arvan_sre_ssh_rsa_private_key"
          ]
        }
      ]
    },
    {
      "mode": "managed",
      "type": "aws_route_table",
      "name": "arvan_sre_route_table",
      "provider": "provider[\"registry.terraform.io/hashicorp/aws\"]",
      "instances": [
        {
          "schema_version": 0,
          "attributes": {
            "arn": "arn:aws:ec2:us-east-1:730335442118:route-table/rtb-017430885ad01d18d",
            "id": "rtb-017430885ad01d18d",
            "owner_id": "730335442118",
            "propagating_vgws": [],
            "route": [
              {
                "carrier_gateway_id": "",
                "cidr_block": "0.0.0.0/0",
                "core_network_arn": "",
                "destination_prefix_list_id": "",
                "egress_only_gateway_id": "",
                "gateway_id": "igw-0fd2c7f3cc2086a83",
                "ipv6_cidr_block": "",
                "local_gateway_id": "",
                "nat_gateway_id": "",
                "network_interface_id": "",
                "transit_gateway_id": "",
                "vpc_endpoint_id": "",
                "vpc_peering_connection_id": ""
              }
            ],
            "tags": {
              "Name": "rt_arvan_sre"
            },
            "tags_all": {
              "Name": "rt_arvan_sre"
            },
            "timeouts": null,
            "vpc_id": "vpc-0d02d51966cd9c8cb"
          },
          "sensitive_attributes": [],
          "private": "eyJlMmJmYjczMC1lY2FhLTExZTYtOGY4OC0zNDM2M2JjN2M0YzAiOnsiY3JlYXRlIjozMDAwMDAwMDAwMDAsImRlbGV0ZSI6MzAwMDAwMDAwMDAwLCJ1cGRhdGUiOjEyMDAwMDAwMDAwMH19",
          "dependencies": [
            "aws_internet_gateway.arvan_sre_internet_gateway",
            "aws_vpc.arvan_sre_vpc"
          ]
        }
      ]
    },
    {
      "mode": "managed",
      "type": "aws_route_table_association",
      "name": "arvan_sre_rt_assc",
      "provider": "provider[\"registry.terraform.io/hashicorp/aws\"]",
      "instances": [
        {
          "schema_version": 0,
          "attributes": {
            "gateway_id": "",
            "id": "rtbassoc-09aff6d7b1feb51fb",
            "route_table_id": "rtb-017430885ad01d18d",
            "subnet_id": "subnet-078acdc902a70487e",
            "timeouts": null
          },
          "sensitive_attributes": [],
          "private": "eyJlMmJmYjczMC1lY2FhLTExZTYtOGY4OC0zNDM2M2JjN2M0YzAiOnsiY3JlYXRlIjozMDAwMDAwMDAwMDAsImRlbGV0ZSI6MzAwMDAwMDAwMDAwLCJ1cGRhdGUiOjEyMDAwMDAwMDAwMH19",
          "dependencies": [
            "aws_internet_gateway.arvan_sre_internet_gateway",
            "aws_route_table.arvan_sre_route_table",
            "aws_subnet.arvan_sre_subnet",
            "aws_vpc.arvan_sre_vpc"
          ]
        }
      ]
    },
    {
      "mode": "managed",
      "type": "aws_security_group",
      "name": "arvan_sre_security_group_common",
      "provider": "provider[\"registry.terraform.io/hashicorp/aws\"]",
      "instances": [
        {
          "schema_version": 1,
          "attributes": {
            "arn": "arn:aws:ec2:us-east-1:730335442118:security-group/sg-06f4ef47c9dc276aa",
            "description": "Allow SSH/HTTP/HTTPS inbound traffic and all outbound traffic",
            "egress": [
              {
                "cidr_blocks": [
                  "0.0.0.0/0"
                ],
                "description": "",
                "from_port": 0,
                "ipv6_cidr_blocks": [],
                "prefix_list_ids": [],
                "protocol": "-1",
                "security_groups": [],
                "self": false,
                "to_port": 0
              }
            ],
            "id": "sg-06f4ef47c9dc276aa",
            "ingress": [
              {
                "cidr_blocks": [
                  "0.0.0.0/0"
                ],
                "description": "Allow HTTP",
                "from_port": 80,
                "ipv6_cidr_blocks": [],
                "prefix_list_ids": [],
                "protocol": "tcp",
                "security_groups": [],
                "self": false,
                "to_port": 80
              },
              {
                "cidr_blocks": [
                  "0.0.0.0/0"
                ],
                "description": "Allow HTTPS",
                "from_port": 443,
                "ipv6_cidr_blocks": [],
                "prefix_list_ids": [],
                "protocol": "tcp",
                "security_groups": [],
                "self": false,
                "to_port": 443
              },
              {
                "cidr_blocks": [
                  "0.0.0.0/0"
                ],
                "description": "Allow SSH",
                "from_port": 22,
                "ipv6_cidr_blocks": [],
                "prefix_list_ids": [],
                "protocol": "tcp",
                "security_groups": [],
                "self": false,
                "to_port": 22
              }
            ],
            "name": "sg_common_arvan_sre",
            "name_prefix": "",
            "owner_id": "730335442118",
            "revoke_rules_on_delete": false,
            "tags": {
              "Name": "sg_common_arvan_sre"
            },
            "tags_all": {
              "Name": "sg_common_arvan_sre"
            },
            "timeouts": null,
            "vpc_id": "vpc-0d02d51966cd9c8cb"
          },
          "sensitive_attributes": [],
          "private": "eyJlMmJmYjczMC1lY2FhLTExZTYtOGY4OC0zNDM2M2JjN2M0YzAiOnsiY3JlYXRlIjo2MDAwMDAwMDAwMDAsImRlbGV0ZSI6OTAwMDAwMDAwMDAwfSwic2NoZW1hX3ZlcnNpb24iOiIxIn0=",
          "dependencies": [
            "aws_vpc.arvan_sre_vpc"
          ]
        }
      ]
    },
    {
      "mode": "managed",
      "type": "aws_security_group",
      "name": "arvan_sre_security_group_k8s_control_plane",
      "provider": "provider[\"registry.terraform.io/hashicorp/aws\"]",
      "instances": [
        {
          "schema_version": 1,
          "attributes": {
            "arn": "arn:aws:ec2:us-east-1:730335442118:security-group/sg-0c4984ff7a3d7319c",
            "description": "K8S Control Plane Security Group",
            "egress": [],
            "id": "sg-0c4984ff7a3d7319c",
            "ingress": [
              {
                "cidr_blocks": [
                  "0.0.0.0/0"
                ],
                "description": "Etcd server client API",
                "from_port": 2379,
                "ipv6_cidr_blocks": [],
                "prefix_list_ids": [],
                "protocol": "tcp",
                "security_groups": [],
                "self": false,
                "to_port": 2380
              },
              {
                "cidr_blocks": [
                  "0.0.0.0/0"
                ],
                "description": "Kube Contoller Manager",
                "from_port": 10257,
                "ipv6_cidr_blocks": [],
                "prefix_list_ids": [],
                "protocol": "tcp",
                "security_groups": [],
                "self": false,
                "to_port": 10257
              },
              {
                "cidr_blocks": [
                  "0.0.0.0/0"
                ],
                "description": "Kube Scheduler",
                "from_port": 10259,
                "ipv6_cidr_blocks": [],
                "prefix_list_ids": [],
                "protocol": "tcp",
                "security_groups": [],
                "self": false,
                "to_port": 10259
              },
              {
                "cidr_blocks": [
                  "0.0.0.0/0"
                ],
                "description": "Kubelet API",
                "from_port": 10250,
                "ipv6_cidr_blocks": [],
                "prefix_list_ids": [],
                "protocol": "tcp",
                "security_groups": [],
                "self": false,
                "to_port": 10250
              },
              {
                "cidr_blocks": [
                  "0.0.0.0/0"
                ],
                "description": "Kubernetes API Server",
                "from_port": 6443,
                "ipv6_cidr_blocks": [],
                "prefix_list_ids": [],
                "protocol": "tcp",
                "security_groups": [],
                "self": false,
                "to_port": 6443
              }
            ],
            "name": "sg_k8s_cp_arvan_sre",
            "name_prefix": "",
            "owner_id": "730335442118",
            "revoke_rules_on_delete": false,
            "tags": {
              "Name": "sg_k8s_cp_arvan_sre"
            },
            "tags_all": {
              "Name": "sg_k8s_cp_arvan_sre"
            },
            "timeouts": null,
            "vpc_id": "vpc-0d02d51966cd9c8cb"
          },
          "sensitive_attributes": [],
          "private": "eyJlMmJmYjczMC1lY2FhLTExZTYtOGY4OC0zNDM2M2JjN2M0YzAiOnsiY3JlYXRlIjo2MDAwMDAwMDAwMDAsImRlbGV0ZSI6OTAwMDAwMDAwMDAwfSwic2NoZW1hX3ZlcnNpb24iOiIxIn0=",
          "dependencies": [
            "aws_vpc.arvan_sre_vpc"
          ]
        }
      ]
    },
    {
      "mode": "managed",
      "type": "aws_security_group",
      "name": "arvan_sre_security_group_k8s_flannel",
      "provider": "provider[\"registry.terraform.io/hashicorp/aws\"]",
      "instances": [
        {
          "schema_version": 1,
          "attributes": {
            "arn": "arn:aws:ec2:us-east-1:730335442118:security-group/sg-0b15a86f0d11830f1",
            "description": "K8S Flannel Overlay backend",
            "egress": [],
            "id": "sg-0b15a86f0d11830f1",
            "ingress": [
              {
                "cidr_blocks": [
                  "0.0.0.0/0"
                ],
                "description": "flannel overlay backend",
                "from_port": 8285,
                "ipv6_cidr_blocks": [],
                "prefix_list_ids": [],
                "protocol": "udp",
                "security_groups": [],
                "self": false,
                "to_port": 8285
              },
              {
                "cidr_blocks": [
                  "0.0.0.0/0"
                ],
                "description": "flannel vxlan backend",
                "from_port": 8472,
                "ipv6_cidr_blocks": [],
                "prefix_list_ids": [],
                "protocol": "udp",
                "security_groups": [],
                "self": false,
                "to_port": 8472
              }
            ],
            "name": "sg_k8s_flnl_arvan_sre",
            "name_prefix": "",
            "owner_id": "730335442118",
            "revoke_rules_on_delete": false,
            "tags": {
              "Name": "sg_k8s_flnl_arvan_sre"
            },
            "tags_all": {
              "Name": "sg_k8s_flnl_arvan_sre"
            },
            "timeouts": null,
            "vpc_id": "vpc-0d02d51966cd9c8cb"
          },
          "sensitive_attributes": [],
          "private": "eyJlMmJmYjczMC1lY2FhLTExZTYtOGY4OC0zNDM2M2JjN2M0YzAiOnsiY3JlYXRlIjo2MDAwMDAwMDAwMDAsImRlbGV0ZSI6OTAwMDAwMDAwMDAwfSwic2NoZW1hX3ZlcnNpb24iOiIxIn0=",
          "dependencies": [
            "aws_vpc.arvan_sre_vpc"
          ]
        }
      ]
    },
    {
      "mode": "managed",
      "type": "aws_security_group",
      "name": "arvan_sre_security_group_k8s_worker_nodes",
      "provider": "provider[\"registry.terraform.io/hashicorp/aws\"]",
      "instances": [
        {
          "schema_version": 1,
          "attributes": {
            "arn": "arn:aws:ec2:us-east-1:730335442118:security-group/sg-08a724d95d0b66ed4",
            "description": "K8S Worker Nodes Security Group",
            "egress": [],
            "id": "sg-08a724d95d0b66ed4",
            "ingress": [
              {
                "cidr_blocks": [
                  "0.0.0.0/0"
                ],
                "description": "Kube Proxy",
                "from_port": 10256,
                "ipv6_cidr_blocks": [],
                "prefix_list_ids": [],
                "protocol": "tcp",
                "security_groups": [],
                "self": false,
                "to_port": 10256
              },
              {
                "cidr_blocks": [
                  "0.0.0.0/0"
                ],
                "description": "Kubelet API",
                "from_port": 10250,
                "ipv6_cidr_blocks": [],
                "prefix_list_ids": [],
                "protocol": "tcp",
                "security_groups": [],
                "self": false,
                "to_port": 10250
              },
              {
                "cidr_blocks": [
                  "0.0.0.0/0"
                ],
                "description": "NodePort Servicest",
                "from_port": 30000,
                "ipv6_cidr_blocks": [],
                "prefix_list_ids": [],
                "protocol": "tcp",
                "security_groups": [],
                "self": false,
                "to_port": 32767
              }
            ],
            "name": "sg_k8s_wn_arvan_sre",
            "name_prefix": "",
            "owner_id": "730335442118",
            "revoke_rules_on_delete": false,
            "tags": {
              "Name": "sg_k8s_wn_arvan_sre"
            },
            "tags_all": {
              "Name": "sg_k8s_wn_arvan_sre"
            },
            "timeouts": null,
            "vpc_id": "vpc-0d02d51966cd9c8cb"
          },
          "sensitive_attributes": [],
          "private": "eyJlMmJmYjczMC1lY2FhLTExZTYtOGY4OC0zNDM2M2JjN2M0YzAiOnsiY3JlYXRlIjo2MDAwMDAwMDAwMDAsImRlbGV0ZSI6OTAwMDAwMDAwMDAwfSwic2NoZW1hX3ZlcnNpb24iOiIxIn0=",
          "dependencies": [
            "aws_vpc.arvan_sre_vpc"
          ]
        }
      ]
    },
    {
      "mode": "managed",
      "type": "aws_subnet",
      "name": "arvan_sre_subnet",
      "provider": "provider[\"registry.terraform.io/hashicorp/aws\"]",
      "instances": [
        {
          "schema_version": 1,
          "attributes": {
            "arn": "arn:aws:ec2:us-east-1:730335442118:subnet/subnet-078acdc902a70487e",
            "assign_ipv6_address_on_creation": false,
            "availability_zone": "us-east-1c",
            "availability_zone_id": "use1-az1",
            "cidr_block": "10.0.1.0/24",
            "customer_owned_ipv4_pool": "",
            "enable_dns64": false,
            "enable_lni_at_device_index": 0,
            "enable_resource_name_dns_a_record_on_launch": false,
            "enable_resource_name_dns_aaaa_record_on_launch": false,
            "id": "subnet-078acdc902a70487e",
            "ipv6_cidr_block": "",
            "ipv6_cidr_block_association_id": "",
            "ipv6_native": false,
            "map_customer_owned_ip_on_launch": false,
            "map_public_ip_on_launch": true,
            "outpost_arn": "",
            "owner_id": "730335442118",
            "private_dns_hostname_type_on_launch": "ip-name",
            "tags": {
              "Name": "subnet_arvan_sre"
            },
            "tags_all": {
              "Name": "subnet_arvan_sre"
            },
            "timeouts": null,
            "vpc_id": "vpc-0d02d51966cd9c8cb"
          },
          "sensitive_attributes": [],
          "private": "eyJlMmJmYjczMC1lY2FhLTExZTYtOGY4OC0zNDM2M2JjN2M0YzAiOnsiY3JlYXRlIjo2MDAwMDAwMDAwMDAsImRlbGV0ZSI6MTIwMDAwMDAwMDAwMH0sInNjaGVtYV92ZXJzaW9uIjoiMSJ9",
          "dependencies": [
            "aws_vpc.arvan_sre_vpc"
          ]
        }
      ]
    },
    {
      "mode": "managed",
      "type": "aws_vpc",
      "name": "arvan_sre_vpc",
      "provider": "provider[\"registry.terraform.io/hashicorp/aws\"]",
      "instances": [
        {
          "schema_version": 1,
          "attributes": {
            "arn": "arn:aws:ec2:us-east-1:730335442118:vpc/vpc-0d02d51966cd9c8cb",
            "assign_generated_ipv6_cidr_block": false,
            "cidr_block": "10.0.0.0/16",
            "default_network_acl_id": "acl-02fb218a0b67f41db",
            "default_route_table_id": "rtb-079afa7a8c1a85ea1",
            "default_security_group_id": "sg-0c388c63ec174a3f0",
            "dhcp_options_id": "dopt-0b0ad836ea32776e6",
            "enable_dns_hostnames": false,
            "enable_dns_support": true,
            "enable_network_address_usage_metrics": false,
            "id": "vpc-0d02d51966cd9c8cb",
            "instance_tenancy": "default",
            "ipv4_ipam_pool_id": null,
            "ipv4_netmask_length": null,
            "ipv6_association_id": "",
            "ipv6_cidr_block": "",
            "ipv6_cidr_block_network_border_group": "",
            "ipv6_ipam_pool_id": "",
            "ipv6_netmask_length": 0,
            "main_route_table_id": "rtb-079afa7a8c1a85ea1",
            "owner_id": "730335442118",
            "tags": {
              "Name": "vpc_arvan_sre"
            },
            "tags_all": {
              "Name": "vpc_arvan_sre"
            }
          },
          "sensitive_attributes": [],
          "private": "eyJzY2hlbWFfdmVyc2lvbiI6IjEifQ=="
        }
      ]
    },
    {
      "mode": "managed",
      "type": "tls_private_key",
      "name": "arvan_sre_ssh_rsa_private_key",
      "provider": "provider[\"registry.terraform.io/hashicorp/tls\"]",
      "instances": [
        {
          "schema_version": 1,
          "attributes": {
            "algorithm": "RSA",
            "ecdsa_curve": "P224",
            "id": "b14146f37be8125567672ec695d54a714bbae0c2",
            "private_key_openssh": "-----BEGIN OPENSSH PRIVATE KEY-----\nb3BlbnNzaC1rZXktdjEAAAAABG5vbmUAAAAEbm9uZQAAAAAAAAABAAACFwAAAAdz\nc2gtcnNhAAAAAwEAAQAAAgEA21mjIqhlv2pXoVtVFqZwfyHCYshCKJEkVgN5Xiq+\nU8ddFWKChFMVlli4fp+fanS2nvILfHIVyg4n4Na6OoIfw60QAP5e4W4lwNOMuqz5\ndNL0ygVl1dTp0VZR9PJTR5yY2UsJiyX/tebEaa0CU1uZ6C2gmb0d3qWkt49DCZEm\nuRxgQCPHp+v9a7HeBibYAc8n4pPDIEcZ+TuZnrU4lJG1wdrq19wYvigWrnF4kKST\nwVHhqug/M25Iw9Esyh/2aHZIL8eNdlgtaGIiHa18lDCVftuIIha0zeRrVivKFVEj\nE7zMT9wLChIHLwwU82SSu3Ns+I6zLAxJZ1NwY08j/uV9N6s0U5dIpzxwKPJbyK4Y\nVMibPyHCBhFMV0sX9UL2YYFZDFkeUonaMOIVmwq4QQOyND6r0kQVcVkI4RjqEIsD\naOJSvs5bHkkHuLRQnq6j68f6AsxF2alZSVuDVkgUKuS+lJxkhixcaZSrhA42BzAL\nMiR8yvWMnwdgohiQ/gD3DqoZ/+BOFRXv17Nc0oN3lPONVW/TFD67WWov5Eoo4xUI\nYhkdvzUKZYKPO7/RQC0j7dJAGPXqxWOgQ76Wb9klcru/yP5SjjYKTLgPOMpNQTvd\nGdaQUcxnn/cwvh5Xtq3gv9VTTgddfoJBomoR3hMdy7I18vIN8R6H10I0hv5Qi140\nErcAAAc4IQfYuyEH2LsAAAAHc3NoLXJzYQAAAgEA21mjIqhlv2pXoVtVFqZwfyHC\nYshCKJEkVgN5Xiq+U8ddFWKChFMVlli4fp+fanS2nvILfHIVyg4n4Na6OoIfw60Q\nAP5e4W4lwNOMuqz5dNL0ygVl1dTp0VZR9PJTR5yY2UsJiyX/tebEaa0CU1uZ6C2g\nmb0d3qWkt49DCZEmuRxgQCPHp+v9a7HeBibYAc8n4pPDIEcZ+TuZnrU4lJG1wdrq\n19wYvigWrnF4kKSTwVHhqug/M25Iw9Esyh/2aHZIL8eNdlgtaGIiHa18lDCVftuI\nIha0zeRrVivKFVEjE7zMT9wLChIHLwwU82SSu3Ns+I6zLAxJZ1NwY08j/uV9N6s0\nU5dIpzxwKPJbyK4YVMibPyHCBhFMV0sX9UL2YYFZDFkeUonaMOIVmwq4QQOyND6r\n0kQVcVkI4RjqEIsDaOJSvs5bHkkHuLRQnq6j68f6AsxF2alZSVuDVkgUKuS+lJxk\nhixcaZSrhA42BzALMiR8yvWMnwdgohiQ/gD3DqoZ/+BOFRXv17Nc0oN3lPONVW/T\nFD67WWov5Eoo4xUIYhkdvzUKZYKPO7/RQC0j7dJAGPXqxWOgQ76Wb9klcru/yP5S\njjYKTLgPOMpNQTvdGdaQUcxnn/cwvh5Xtq3gv9VTTgddfoJBomoR3hMdy7I18vIN\n8R6H10I0hv5Qi140ErcAAAADAQABAAACAGIaWgMDK9aLejvZfFnQANprP+QsSqKY\nH5c0oJCEL3GK5c/NqjACdNI0Rfej7omPP6og+RAkeihPYniFsO7ACfLbMSAwpEDQ\noaP3Oaa3/C3Kt96uwVf8jMKqh6c0xhhuKlJs5AzO5un1Fv1oenTLsC8OURjRY02T\n6fKK6WGbAKWj0kx9dCtfOY10FKfNsahFfUIx8gA6rJwyksdPp8mSzaaxAX2fm5VY\nmqRUbabLZKX+uB5XFwUqmvKxWAXie7NGy4xLBLLcRxq7YSTC1cf1XrdI+j68xwqa\n0YLNvOkBy91lAD/rWyia3YmmLqyY26NowWD9eZcGu8GxqL9RwviarQBnhKmt+TB8\nntM0au+RSLwFA6FdWnD4fd3IRFgjv/2zGpJwUCj5Fl4h1ev8gVza7ghD2IjQVZGN\nBy3KTZXjxLxqjOWFqMMv44tFC7RTvLP3fPgNLaRzkSFGPE7355QC69luX3VLp/ln\nz8HnD8GZo3o/JP2XQXw1L1457b6OKXlkcW1Nygs3MOv6JJgOg05mgcI4HX4sEZ3N\nxzjmZkEAYaVC2WhnqEfok/TuyyXS6/hZ9fWpkE6Z9/h00+RiiEKtO+WmGlMuUD7Z\nSXbM6tCYAHN0VYk3/8JGRfn02x/zZN2uBG7WxlHUlszC7Wbh0jzO0mn+nfDkADZ4\nrYuclYLXf8XJAAABAH37oifZLvpfM9GFc3/vf+UemrTE3fmS1UnxihrL81LyPjOR\nUXUT6XfVrrnnJ13WA4EDu1QyS7BzMQd5ISF9ljnskA19hTw63J414Q6tx8f+rOlY\ndoI7Uw7hjYZZXYcPsZSKkLprDLVkPdKUmLsZu2Us0uUa0kEkz7+i3ndc/z74mYTf\n3bBCCtohTuBmDNdOW9FTzSHrD6sVUsV+e4HVjyAdbGNW9p/wNd0qDLV7fXNOv0yL\nnEhheuN3shSeDyaICzAhUG+zfU4SWgZnEM2kbXqMhNwVKDKgMJDHoOzhGQkAKBI9\nzUexEHle5OwkBrqpvA52PBQ8HiROfqzJXStTId4AAAEBAPtd6yYGSLa7/fjZ7zxK\nMrCtdqbzOFQ6uk3lC2b/F1MfQYzs7msfFIspwy+LXCeusoONcx0P6AlUSRnYOzku\nPzGmN3fFeC89i6tWJkKQFoFQajuI8GXPZXNoijX/UM7k7Nq0I1c6EmgAG3cbQ6p3\nuErieSmBo8yoFHCYroOIaJAX+cTSM4jAcmXrSUdH2rhRUHz05laZvP2qZdph/zpH\nzfDLw4D0ueTBXaCqtjNzQqMYSXYA75vTm92BaZFzmHMo+ekae/Xf6WFMHAiVfgSH\nWW9QWJbUuqTtuF8vK3Do6nl7l6NNhJV1Bbf8m4p+McKyTrh+EUSNJwbN0mbREV8s\nBSMAAAEBAN9kpZv4IrbLYBwVZoEUBPWU1WN7MOU2GeaEChPuiw4pQQ5SKsDkAn58\nRxH4DPRNwIver9imF9OHZbPFb5wrnA7vuhGXw4dDWVZMz4EXTZWKAmbaS5sgRbb0\nLIjyA1TQdJUln9jD3XpWwwpTT2RgtOl/GSNPxAQy4IecbOgZb5ORdpkwLyIEykiX\nV+5hqPmLlDrURcWL+4qnPGBlJ2ohpFZOp0NpO0pp8ncVPYtQBoPzUHFWNn9dMJNb\nHMZiJSM/HxFyOl5j1GLbHMVWR17ocUsXgR802LWSszQxNarZ5tGi1G8KIMP66pHW\nAq/PvvVLTPJNcJTyB2o9tvCpV99ox10AAAAAAQID\n-----END OPENSSH PRIVATE KEY-----\n",
            "private_key_pem": "-----BEGIN RSA PRIVATE KEY-----\nMIIJKAIBAAKCAgEA21mjIqhlv2pXoVtVFqZwfyHCYshCKJEkVgN5Xiq+U8ddFWKC\nhFMVlli4fp+fanS2nvILfHIVyg4n4Na6OoIfw60QAP5e4W4lwNOMuqz5dNL0ygVl\n1dTp0VZR9PJTR5yY2UsJiyX/tebEaa0CU1uZ6C2gmb0d3qWkt49DCZEmuRxgQCPH\np+v9a7HeBibYAc8n4pPDIEcZ+TuZnrU4lJG1wdrq19wYvigWrnF4kKSTwVHhqug/\nM25Iw9Esyh/2aHZIL8eNdlgtaGIiHa18lDCVftuIIha0zeRrVivKFVEjE7zMT9wL\nChIHLwwU82SSu3Ns+I6zLAxJZ1NwY08j/uV9N6s0U5dIpzxwKPJbyK4YVMibPyHC\nBhFMV0sX9UL2YYFZDFkeUonaMOIVmwq4QQOyND6r0kQVcVkI4RjqEIsDaOJSvs5b\nHkkHuLRQnq6j68f6AsxF2alZSVuDVkgUKuS+lJxkhixcaZSrhA42BzALMiR8yvWM\nnwdgohiQ/gD3DqoZ/+BOFRXv17Nc0oN3lPONVW/TFD67WWov5Eoo4xUIYhkdvzUK\nZYKPO7/RQC0j7dJAGPXqxWOgQ76Wb9klcru/yP5SjjYKTLgPOMpNQTvdGdaQUcxn\nn/cwvh5Xtq3gv9VTTgddfoJBomoR3hMdy7I18vIN8R6H10I0hv5Qi140ErcCAwEA\nAQKCAgBiGloDAyvWi3o72XxZ0ADaaz/kLEqimB+XNKCQhC9xiuXPzaowAnTSNEX3\no+6Jjz+qIPkQJHooT2J4hbDuwAny2zEgMKRA0KGj9zmmt/wtyrfersFX/IzCqoen\nNMYYbipSbOQMzubp9Rb9aHp0y7AvDlEY0WNNk+nyiulhmwClo9JMfXQrXzmNdBSn\nzbGoRX1CMfIAOqycMpLHT6fJks2msQF9n5uVWJqkVG2my2Sl/rgeVxcFKprysVgF\n4nuzRsuMSwSy3Ecau2EkwtXH9V63SPo+vMcKmtGCzbzpAcvdZQA/61somt2Jpi6s\nmNujaMFg/XmXBrvBsai/UcL4mq0AZ4SprfkwfJ7TNGrvkUi8BQOhXVpw+H3dyERY\nI7/9sxqScFAo+RZeIdXr/IFc2u4IQ9iI0FWRjQctyk2V48S8aozlhajDL+OLRQu0\nU7yz93z4DS2kc5EhRjxO9+eUAuvZbl91S6f5Z8/B5w/BmaN6PyT9l0F8NS9eOe2+\njil5ZHFtTcoLNzDr+iSYDoNOZoHCOB1+LBGdzcc45mZBAGGlQtloZ6hH6JP07ssl\n0uv4WfX1qZBOmff4dNPkYohCrTvlphpTLlA+2Ul2zOrQmABzdFWJN//CRkX59Nsf\n82TdrgRu1sZR1JbMwu1m4dI8ztJp/p3w5AA2eK2LnJWC13/FyQKCAQEA+13rJgZI\ntrv9+NnvPEoysK12pvM4VDq6TeULZv8XUx9BjOzuax8UiynDL4tcJ66yg41zHQ/o\nCVRJGdg7OS4/MaY3d8V4Lz2Lq1YmQpAWgVBqO4jwZc9lc2iKNf9QzuTs2rQjVzoS\naAAbdxtDqne4SuJ5KYGjzKgUcJiug4hokBf5xNIziMByZetJR0fauFFQfPTmVpm8\n/apl2mH/OkfN8MvDgPS55MFdoKq2M3NCoxhJdgDvm9Ob3YFpkXOYcyj56Rp79d/p\nYUwcCJV+BIdZb1BYltS6pO24Xy8rcOjqeXuXo02ElXUFt/ybin4xwrJOuH4RRI0n\nBs3SZtERXywFIwKCAQEA32Slm/gitstgHBVmgRQE9ZTVY3sw5TYZ5oQKE+6LDilB\nDlIqwOQCfnxHEfgM9E3Ai96v2KYX04dls8VvnCucDu+6EZfDh0NZVkzPgRdNlYoC\nZtpLmyBFtvQsiPIDVNB0lSWf2MPdelbDClNPZGC06X8ZI0/EBDLgh5xs6Blvk5F2\nmTAvIgTKSJdX7mGo+YuUOtRFxYv7iqc8YGUnaiGkVk6nQ2k7SmnydxU9i1AGg/NQ\ncVY2f10wk1scxmIlIz8fEXI6XmPUYtscxVZHXuhxSxeBHzTYtZKzNDE1qtnm0aLU\nbwogw/rqkdYCr8++9UtM8k1wlPIHaj228KlX32jHXQKCAQBbAD9XPsMoVJq3cr6n\nhv0e9U2VV0w3QiOce6VLHmKlVxV2HXibE19umintlnhAbYB3G8hm5xFL/1WPo7ad\nFt8N7Gz8UWMXRyK/XqrvQhbDrgcnkoXlddX2mAwhTFNG853D958rvvxW5mMLFbXD\niyAPDDptCl/wgZEUylGzkLi6IdPsq2S4x2Mi/rFCuwK148pN0qNpCrNe6keBbiTm\nRoSJ/lrC3tZFuLNarTLVIY8oWGyP6frU4SD2ahl77OtuFZGUEGB8PRnSfalQej5r\nCU0ZfW70/AKuHtm2q+8AK3JnlJTrK+8p5HmziCIPW2xMXh0dsZYyyR8t2Wmoi1vM\nprUdAoIBAQCRUx5RSqj6lW9elaVrTySyxjHTV67FTd6nkTolIUeg3MGPmXBqr2nX\n8u0hCWcT/wjFdQacP+C8IRbOTiB/Tfdl2BoJm9r9QZj6hVlwN0Knh3JsipIoxmPT\n0yCtrhLwt/M/m4xTLYgFMDANpYi+WhMW2zH1QMzZlmdukRpgGzv0meq3WRswXEFj\n2+C+GRYd0OmLI9CH5LqsxoKGiweLCXupEd3KAskpbaboRQ8Wc+bpK/4m3NjzHiKd\nmeYsQGi8dzG03cSO5w6hiL08uxYO7dPV7+J19KEN7fNafrDVBpAbzHu6CLKsC61R\nVhHFYbZuSKAz+KDGpHSibqd2BBRAKB+ZAoIBAH37oifZLvpfM9GFc3/vf+UemrTE\n3fmS1UnxihrL81LyPjORUXUT6XfVrrnnJ13WA4EDu1QyS7BzMQd5ISF9ljnskA19\nhTw63J414Q6tx8f+rOlYdoI7Uw7hjYZZXYcPsZSKkLprDLVkPdKUmLsZu2Us0uUa\n0kEkz7+i3ndc/z74mYTf3bBCCtohTuBmDNdOW9FTzSHrD6sVUsV+e4HVjyAdbGNW\n9p/wNd0qDLV7fXNOv0yLnEhheuN3shSeDyaICzAhUG+zfU4SWgZnEM2kbXqMhNwV\nKDKgMJDHoOzhGQkAKBI9zUexEHle5OwkBrqpvA52PBQ8HiROfqzJXStTId4=\n-----END RSA PRIVATE KEY-----\n",
            "private_key_pem_pkcs8": "-----BEGIN PRIVATE KEY-----\nMIIJQgIBADANBgkqhkiG9w0BAQEFAASCCSwwggkoAgEAAoICAQDbWaMiqGW/aleh\nW1UWpnB/IcJiyEIokSRWA3leKr5Tx10VYoKEUxWWWLh+n59qdLae8gt8chXKDifg\n1ro6gh/DrRAA/l7hbiXA04y6rPl00vTKBWXV1OnRVlH08lNHnJjZSwmLJf+15sRp\nrQJTW5noLaCZvR3epaS3j0MJkSa5HGBAI8en6/1rsd4GJtgBzyfik8MgRxn5O5me\ntTiUkbXB2urX3Bi+KBaucXiQpJPBUeGq6D8zbkjD0SzKH/Zodkgvx412WC1oYiId\nrXyUMJV+24giFrTN5GtWK8oVUSMTvMxP3AsKEgcvDBTzZJK7c2z4jrMsDElnU3Bj\nTyP+5X03qzRTl0inPHAo8lvIrhhUyJs/IcIGEUxXSxf1QvZhgVkMWR5Sidow4hWb\nCrhBA7I0PqvSRBVxWQjhGOoQiwNo4lK+zlseSQe4tFCerqPrx/oCzEXZqVlJW4NW\nSBQq5L6UnGSGLFxplKuEDjYHMAsyJHzK9YyfB2CiGJD+APcOqhn/4E4VFe/Xs1zS\ng3eU841Vb9MUPrtZai/kSijjFQhiGR2/NQplgo87v9FALSPt0kAY9erFY6BDvpZv\n2SVyu7/I/lKONgpMuA84yk1BO90Z1pBRzGef9zC+Hle2reC/1VNOB11+gkGiahHe\nEx3LsjXy8g3xHofXQjSG/lCLXjQStwIDAQABAoICAGIaWgMDK9aLejvZfFnQANpr\nP+QsSqKYH5c0oJCEL3GK5c/NqjACdNI0Rfej7omPP6og+RAkeihPYniFsO7ACfLb\nMSAwpEDQoaP3Oaa3/C3Kt96uwVf8jMKqh6c0xhhuKlJs5AzO5un1Fv1oenTLsC8O\nURjRY02T6fKK6WGbAKWj0kx9dCtfOY10FKfNsahFfUIx8gA6rJwyksdPp8mSzaax\nAX2fm5VYmqRUbabLZKX+uB5XFwUqmvKxWAXie7NGy4xLBLLcRxq7YSTC1cf1XrdI\n+j68xwqa0YLNvOkBy91lAD/rWyia3YmmLqyY26NowWD9eZcGu8GxqL9RwviarQBn\nhKmt+TB8ntM0au+RSLwFA6FdWnD4fd3IRFgjv/2zGpJwUCj5Fl4h1ev8gVza7ghD\n2IjQVZGNBy3KTZXjxLxqjOWFqMMv44tFC7RTvLP3fPgNLaRzkSFGPE7355QC69lu\nX3VLp/lnz8HnD8GZo3o/JP2XQXw1L1457b6OKXlkcW1Nygs3MOv6JJgOg05mgcI4\nHX4sEZ3NxzjmZkEAYaVC2WhnqEfok/TuyyXS6/hZ9fWpkE6Z9/h00+RiiEKtO+Wm\nGlMuUD7ZSXbM6tCYAHN0VYk3/8JGRfn02x/zZN2uBG7WxlHUlszC7Wbh0jzO0mn+\nnfDkADZ4rYuclYLXf8XJAoIBAQD7XesmBki2u/342e88SjKwrXam8zhUOrpN5Qtm\n/xdTH0GM7O5rHxSLKcMvi1wnrrKDjXMdD+gJVEkZ2Ds5Lj8xpjd3xXgvPYurViZC\nkBaBUGo7iPBlz2VzaIo1/1DO5OzatCNXOhJoABt3G0Oqd7hK4nkpgaPMqBRwmK6D\niGiQF/nE0jOIwHJl60lHR9q4UVB89OZWmbz9qmXaYf86R83wy8OA9LnkwV2gqrYz\nc0KjGEl2AO+b05vdgWmRc5hzKPnpGnv13+lhTBwIlX4Eh1lvUFiW1Lqk7bhfLytw\n6Op5e5ejTYSVdQW3/JuKfjHCsk64fhFEjScGzdJm0RFfLAUjAoIBAQDfZKWb+CK2\ny2AcFWaBFAT1lNVjezDlNhnmhAoT7osOKUEOUirA5AJ+fEcR+Az0TcCL3q/YphfT\nh2WzxW+cK5wO77oRl8OHQ1lWTM+BF02VigJm2kubIEW29CyI8gNU0HSVJZ/Yw916\nVsMKU09kYLTpfxkjT8QEMuCHnGzoGW+TkXaZMC8iBMpIl1fuYaj5i5Q61EXFi/uK\npzxgZSdqIaRWTqdDaTtKafJ3FT2LUAaD81BxVjZ/XTCTWxzGYiUjPx8RcjpeY9Ri\n2xzFVkde6HFLF4EfNNi1krM0MTWq2ebRotRvCiDD+uqR1gKvz771S0zyTXCU8gdq\nPbbwqVffaMddAoIBAFsAP1c+wyhUmrdyvqeG/R71TZVXTDdCI5x7pUseYqVXFXYd\neJsTX26aKe2WeEBtgHcbyGbnEUv/VY+jtp0W3w3sbPxRYxdHIr9equ9CFsOuByeS\nheV11faYDCFMU0bzncP3nyu+/FbmYwsVtcOLIA8MOm0KX/CBkRTKUbOQuLoh0+yr\nZLjHYyL+sUK7ArXjyk3So2kKs17qR4FuJOZGhIn+WsLe1kW4s1qtMtUhjyhYbI/p\n+tThIPZqGXvs624VkZQQYHw9GdJ9qVB6PmsJTRl9bvT8Aq4e2bar7wArcmeUlOsr\n7ynkebOIIg9bbExeHR2xljLJHy3ZaaiLW8ymtR0CggEBAJFTHlFKqPqVb16VpWtP\nJLLGMdNXrsVN3qeROiUhR6DcwY+ZcGqvadfy7SEJZxP/CMV1Bpw/4LwhFs5OIH9N\n92XYGgmb2v1BmPqFWXA3QqeHcmyKkijGY9PTIK2uEvC38z+bjFMtiAUwMA2liL5a\nExbbMfVAzNmWZ26RGmAbO/SZ6rdZGzBcQWPb4L4ZFh3Q6Ysj0IfkuqzGgoaLB4sJ\ne6kR3coCySltpuhFDxZz5ukr/ibc2PMeIp2Z5ixAaLx3MbTdxI7nDqGIvTy7Fg7t\n09Xv4nX0oQ3t81p+sNUGkBvMe7oIsqwLrVFWEcVhtm5IoDP4oMakdKJup3YEFEAo\nH5kCggEAffuiJ9ku+l8z0YVzf+9/5R6atMTd+ZLVSfGKGsvzUvI+M5FRdRPpd9Wu\nuecnXdYDgQO7VDJLsHMxB3khIX2WOeyQDX2FPDrcnjXhDq3Hx/6s6Vh2gjtTDuGN\nhlldhw+xlIqQumsMtWQ90pSYuxm7ZSzS5RrSQSTPv6Led1z/PviZhN/dsEIK2iFO\n4GYM105b0VPNIesPqxVSxX57gdWPIB1sY1b2n/A13SoMtXt9c06/TIucSGF643ey\nFJ4PJogLMCFQb7N9ThJaBmcQzaRteoyE3BUoMqAwkMeg7OEZCQAoEj3NR7EQeV7k\n7CQGuqm8DnY8FDweJE5+rMldK1Mh3g==\n-----END PRIVATE KEY-----\n",
            "public_key_fingerprint_md5": "37:db:76:df:7f:e0:3a:95:62:98:89:e5:52:b9:52:14",
            "public_key_fingerprint_sha256": "SHA256:6wNbHm8H0RmP40U73bKDeZgjRlO6o6QVzrhAlZ77cjI",
            "public_key_openssh": "ssh-rsa AAAAB3NzaC1yc2EAAAADAQABAAACAQDbWaMiqGW/alehW1UWpnB/IcJiyEIokSRWA3leKr5Tx10VYoKEUxWWWLh+n59qdLae8gt8chXKDifg1ro6gh/DrRAA/l7hbiXA04y6rPl00vTKBWXV1OnRVlH08lNHnJjZSwmLJf+15sRprQJTW5noLaCZvR3epaS3j0MJkSa5HGBAI8en6/1rsd4GJtgBzyfik8MgRxn5O5metTiUkbXB2urX3Bi+KBaucXiQpJPBUeGq6D8zbkjD0SzKH/Zodkgvx412WC1oYiIdrXyUMJV+24giFrTN5GtWK8oVUSMTvMxP3AsKEgcvDBTzZJK7c2z4jrMsDElnU3BjTyP+5X03qzRTl0inPHAo8lvIrhhUyJs/IcIGEUxXSxf1QvZhgVkMWR5Sidow4hWbCrhBA7I0PqvSRBVxWQjhGOoQiwNo4lK+zlseSQe4tFCerqPrx/oCzEXZqVlJW4NWSBQq5L6UnGSGLFxplKuEDjYHMAsyJHzK9YyfB2CiGJD+APcOqhn/4E4VFe/Xs1zSg3eU841Vb9MUPrtZai/kSijjFQhiGR2/NQplgo87v9FALSPt0kAY9erFY6BDvpZv2SVyu7/I/lKONgpMuA84yk1BO90Z1pBRzGef9zC+Hle2reC/1VNOB11+gkGiahHeEx3LsjXy8g3xHofXQjSG/lCLXjQStw==\n",
            "public_key_pem": "-----BEGIN PUBLIC KEY-----\nMIICIjANBgkqhkiG9w0BAQEFAAOCAg8AMIICCgKCAgEA21mjIqhlv2pXoVtVFqZw\nfyHCYshCKJEkVgN5Xiq+U8ddFWKChFMVlli4fp+fanS2nvILfHIVyg4n4Na6OoIf\nw60QAP5e4W4lwNOMuqz5dNL0ygVl1dTp0VZR9PJTR5yY2UsJiyX/tebEaa0CU1uZ\n6C2gmb0d3qWkt49DCZEmuRxgQCPHp+v9a7HeBibYAc8n4pPDIEcZ+TuZnrU4lJG1\nwdrq19wYvigWrnF4kKSTwVHhqug/M25Iw9Esyh/2aHZIL8eNdlgtaGIiHa18lDCV\nftuIIha0zeRrVivKFVEjE7zMT9wLChIHLwwU82SSu3Ns+I6zLAxJZ1NwY08j/uV9\nN6s0U5dIpzxwKPJbyK4YVMibPyHCBhFMV0sX9UL2YYFZDFkeUonaMOIVmwq4QQOy\nND6r0kQVcVkI4RjqEIsDaOJSvs5bHkkHuLRQnq6j68f6AsxF2alZSVuDVkgUKuS+\nlJxkhixcaZSrhA42BzALMiR8yvWMnwdgohiQ/gD3DqoZ/+BOFRXv17Nc0oN3lPON\nVW/TFD67WWov5Eoo4xUIYhkdvzUKZYKPO7/RQC0j7dJAGPXqxWOgQ76Wb9klcru/\nyP5SjjYKTLgPOMpNQTvdGdaQUcxnn/cwvh5Xtq3gv9VTTgddfoJBomoR3hMdy7I1\n8vIN8R6H10I0hv5Qi140ErcCAwEAAQ==\n-----END PUBLIC KEY-----\n",
            "rsa_bits": 4096
          },
          "sensitive_attributes": [
            [
              {
                "type": "get_attr",
                "value": "private_key_openssh"
              }
            ],
            [
              {
                "type": "get_attr",
                "value": "private_key_pem"
              }
            ],
            [
              {
                "type": "get_attr",
                "value": "private_key_pem_pkcs8"
              }
            ]
          ]
        }
      ]
    }
  ],
  "check_results": null
}
